PODS:
  - OpenSSL-Universal (1.0.1.k)

DEPENDENCIES:
  - OpenSSL-Universal (= 1.0.1.k)

SPEC REPOS:
  https://github.com/cocoapods/specs.git:
    - OpenSSL-Universal

SPEC CHECKSUMS:
  OpenSSL-Universal: 5b864c8eb334c8e78f44e4b2eb294ee2c1891c23

PODFILE CHECKSUM: cbd08b3bea5a278c009c70b66b32416fc4973987

COCOAPODS: 1.5.3
