// !$*UTF8*$!
{
	archiveVersion = 1;
	classes = {
	};
	objectVersion = 46;
	objects = {

/* Begin PBXBuildFile section */
		731375551ABF2FA50074E2F2 /* AppDelegateInterfaceController.swift in Sources */ = {isa = PBXBuildFile; fileRef = 73A755B11A87F2770038E023 /* AppDelegateInterfaceController.swift */; };
		7334770F1A26E85000513F1F /* Localizable.strings in Resources */ = {isa = PBXBuildFile; fileRef = 7334770D1A26E85000513F1F /* Localizable.strings */; };
		733E8CB41A86F83100B228CB /* GratuitousUserDefaults.swift in Sources */ = {isa = PBXBuildFile; fileRef = 733E8CB31A86F83100B228CB /* GratuitousUserDefaults.swift */; };
		733E8CB51A86FBA200B228CB /* GratuitousUserDefaults.swift in Sources */ = {isa = PBXBuildFile; fileRef = 733E8CB31A86F83100B228CB /* GratuitousUserDefaults.swift */; };
		734171AF19E77BEF00405C7B /* GratuitousSwift.storyboard in Resources */ = {isa = PBXBuildFile; fileRef = 734171AE19E77BEF00405C7B /* GratuitousSwift.storyboard */; };
		73450E791ABF2926005927F1 /* GratuityL WatchKit App.app in Resources */ = {isa = PBXBuildFile; fileRef = 73450E781ABF2926005927F1 /* GratuityL WatchKit App.app */; };
		73450E861ABF2926005927F1 /* GratuityL WatchKit Extension.appex in Embed App Extensions */ = {isa = PBXBuildFile; fileRef = 73450E6C1ABF2926005927F1 /* GratuityL WatchKit Extension.appex */; settings = {ATTRIBUTES = (RemoveHeadersOnCopy, ); }; };
		73450E8E1ABF2A50005927F1 /* TotalAmountInterfaceController.swift in Sources */ = {isa = PBXBuildFile; fileRef = 73A0B5671A8FC56A00D17943 /* TotalAmountInterfaceController.swift */; };
		73450E8F1ABF2A50005927F1 /* SettingsInterfaceController.swift in Sources */ = {isa = PBXBuildFile; fileRef = 7376F0151AB55AF2002AD1DB /* SettingsInterfaceController.swift */; };
		73450E901ABF2A50005927F1 /* GratuitousWatchDataSource.swift in Sources */ = {isa = PBXBuildFile; fileRef = 73A18D7F1A2A9661002180DD /* GratuitousWatchDataSource.swift */; };
		73450E911ABF2A50005927F1 /* GratuitousMenuInterfaceController.swift in Sources */ = {isa = PBXBuildFile; fileRef = 73DE026D1AB92E4E004B694D /* GratuitousMenuInterfaceController.swift */; };
		73450E921ABF2A5F005927F1 /* CrownScrollBillInterfaceController.swift in Sources */ = {isa = PBXBuildFile; fileRef = 737C87281A8EE5CA0055C04A /* CrownScrollBillInterfaceController.swift */; };
		73450E931ABF2A5F005927F1 /* CrownScrollTipInterfaceController.swift in Sources */ = {isa = PBXBuildFile; fileRef = 73C0FD511A884789003ED951 /* CrownScrollTipInterfaceController.swift */; };
		73450E941ABF2A5F005927F1 /* CrownScrollBillTableRowController.swift in Sources */ = {isa = PBXBuildFile; fileRef = 73A755B81A882BB10038E023 /* CrownScrollBillTableRowController.swift */; };
		73450E951ABF2A5F005927F1 /* CrownScrollTipTableRowController.swift in Sources */ = {isa = PBXBuildFile; fileRef = 73C0FD531A884BFB003ED951 /* CrownScrollTipTableRowController.swift */; };
		73450E961ABF2A64005927F1 /* ThreeButtonStepperInterfaceController.swift in Sources */ = {isa = PBXBuildFile; fileRef = 73C1F4D21AA58F3400F6C116 /* ThreeButtonStepperInterfaceController.swift */; };
		73450E971ABF2A71005927F1 /* Interface.storyboard in Resources */ = {isa = PBXBuildFile; fileRef = 73A18D711A2A9525002180DD /* Interface.storyboard */; };
		73450E981ABF2A7E005927F1 /* Images.xcassets in Resources */ = {isa = PBXBuildFile; fileRef = 73A18D731A2A9525002180DD /* Images.xcassets */; };
		73450E991ABF2A91005927F1 /* Futura.ttc in Resources */ = {isa = PBXBuildFile; fileRef = 73368D111AAB9B7F001C1CC3 /* Futura.ttc */; };
		73450E9A1ABF2A92005927F1 /* Futura.ttc in Resources */ = {isa = PBXBuildFile; fileRef = 73368D111AAB9B7F001C1CC3 /* Futura.ttc */; };
		73450E9B1ABF2A97005927F1 /* GratuitousUserDefaults.swift in Sources */ = {isa = PBXBuildFile; fileRef = 733E8CB31A86F83100B228CB /* GratuitousUserDefaults.swift */; };
		73450E9C1ABF2A9C005927F1 /* GratuitousEnums.swift in Sources */ = {isa = PBXBuildFile; fileRef = 73E35AF11A0D33DA009A2F97 /* GratuitousEnums.swift */; };
		73450E9D1ABF2B05005927F1 /* Fabric.framework in Frameworks */ = {isa = PBXBuildFile; fileRef = 73D730D11AB49E4D00172397 /* Fabric.framework */; };
		73450E9E1ABF2B09005927F1 /* Crashlytics.framework in Frameworks */ = {isa = PBXBuildFile; fileRef = 73D730D01AB49E4D00172397 /* Crashlytics.framework */; };
		73450E9F1ABF2B25005927F1 /* GratuitousUIColor.swift in Sources */ = {isa = PBXBuildFile; fileRef = 734A7C591AA8347C008823B6 /* GratuitousUIColor.swift */; };
		73450EA21ABF2C0A005927F1 /* WatchKit.framework in Frameworks */ = {isa = PBXBuildFile; fileRef = 73A18D5A1A2A9525002180DD /* WatchKit.framework */; };
		734A7C5A1AA8347C008823B6 /* GratuitousUIColor.swift in Sources */ = {isa = PBXBuildFile; fileRef = 734A7C591AA8347C008823B6 /* GratuitousUIColor.swift */; };
		734A7C5B1AA8347C008823B6 /* GratuitousUIColor.swift in Sources */ = {isa = PBXBuildFile; fileRef = 734A7C591AA8347C008823B6 /* GratuitousUIColor.swift */; };
		73556E651A19711F0079A37D /* UIImage+PDFUtility.m in Sources */ = {isa = PBXBuildFile; fileRef = 73556E641A19711F0079A37D /* UIImage+PDFUtility.m */; };
		735C011E1A0878D000A19462 /* GratuitousCurrencyFormatter.swift in Sources */ = {isa = PBXBuildFile; fileRef = 735C011D1A0878D000A19462 /* GratuitousCurrencyFormatter.swift */; };
		736568DB1A26DD1400603602 /* UIImage+PDFUtility.m in Sources */ = {isa = PBXBuildFile; fileRef = 73556E641A19711F0079A37D /* UIImage+PDFUtility.m */; };
		736568DC1A26DD1400603602 /* TipViewController.swift in Sources */ = {isa = PBXBuildFile; fileRef = 7382512619E60F3900CD2B28 /* TipViewController.swift */; };
		736568DD1A26DD1400603602 /* GratuitousTableViewCell.swift in Sources */ = {isa = PBXBuildFile; fileRef = 7382512A19E6473A00CD2B28 /* GratuitousTableViewCell.swift */; };
		736568DE1A26DD1400603602 /* GratuitousSettingsButtons.swift in Sources */ = {isa = PBXBuildFile; fileRef = 73D403A11A0C7D36007247E0 /* GratuitousSettingsButtons.swift */; };
		736568DF1A26DD1400603602 /* GratuitousTransitioningDelegate.swift in Sources */ = {isa = PBXBuildFile; fileRef = 73EDC4C01A181726006AA72D /* GratuitousTransitioningDelegate.swift */; };
		736568E01A26DD1400603602 /* GratuitousCurrencyFormatter.swift in Sources */ = {isa = PBXBuildFile; fileRef = 735C011D1A0878D000A19462 /* GratuitousCurrencyFormatter.swift */; };
		736568E11A26DD1400603602 /* GratuitousEnums.swift in Sources */ = {isa = PBXBuildFile; fileRef = 73E35AF11A0D33DA009A2F97 /* GratuitousEnums.swift */; };
		736568E31A26DD1400603602 /* GratuitousUIConstant.swift in Sources */ = {isa = PBXBuildFile; fileRef = 737233DC19E8B9B70072EDB4 /* GratuitousUIConstant.swift */; };
		736568E51A26DD1400603602 /* GratuitousGradientView.swift in Sources */ = {isa = PBXBuildFile; fileRef = 736937BD19EF84AA003EEC68 /* GratuitousGradientView.swift */; };
		736568E61A26DD1400603602 /* GratuitousPresentationController.swift in Sources */ = {isa = PBXBuildFile; fileRef = 73EDC4BC1A1807AA006AA72D /* GratuitousPresentationController.swift */; };
		736568E71A26DD1400603602 /* GratuitousAppDelegate.swift in Sources */ = {isa = PBXBuildFile; fileRef = 7382510619E60EED00CD2B28 /* GratuitousAppDelegate.swift */; };
		736568E81A26DD1400603602 /* GratuitousAnimatedTransitioning.swift in Sources */ = {isa = PBXBuildFile; fileRef = 73EDC4BE1A1816DD006AA72D /* GratuitousAnimatedTransitioning.swift */; };
		736568E91A26DD1400603602 /* SettingsTableViewController.swift in Sources */ = {isa = PBXBuildFile; fileRef = 73B9BFF019FC629100700608 /* SettingsTableViewController.swift */; };
		736568EA1A26DD1400603602 /* GratuitousCurrencySelectorCellTableViewCell.swift in Sources */ = {isa = PBXBuildFile; fileRef = 73D653451A071DAF005D1968 /* GratuitousCurrencySelectorCellTableViewCell.swift */; };
		736568EF1A26DD1400603602 /* GratuitousTableViewCell.xib in Resources */ = {isa = PBXBuildFile; fileRef = 7382512B19E6473A00CD2B28 /* GratuitousTableViewCell.xib */; };
		736568F01A26DD1400603602 /* GratuitousSwift.storyboard in Resources */ = {isa = PBXBuildFile; fileRef = 734171AE19E77BEF00405C7B /* GratuitousSwift.storyboard */; };
		736568F11A26DD1400603602 /* LaunchScreen.xib in Resources */ = {isa = PBXBuildFile; fileRef = 7382510F19E60EED00CD2B28 /* LaunchScreen.xib */; };
		736568F21A26DD1400603602 /* Images.xcassets in Resources */ = {isa = PBXBuildFile; fileRef = 7382510D19E60EED00CD2B28 /* Images.xcassets */; };
		736568F31A26DD1400603602 /* settingsIcon.pdf in Resources */ = {isa = PBXBuildFile; fileRef = 737E5DE61A1AFD1C00F0A8C7 /* settingsIcon.pdf */; };
		737233DD19E8B9B70072EDB4 /* GratuitousUIConstant.swift in Sources */ = {isa = PBXBuildFile; fileRef = 737233DC19E8B9B70072EDB4 /* GratuitousUIConstant.swift */; };
		737E5DE71A1AFD1C00F0A8C7 /* settingsIcon.pdf in Resources */ = {isa = PBXBuildFile; fileRef = 737E5DE61A1AFD1C00F0A8C7 /* settingsIcon.pdf */; };
		7382510719E60EED00CD2B28 /* GratuitousAppDelegate.swift in Sources */ = {isa = PBXBuildFile; fileRef = 7382510619E60EED00CD2B28 /* GratuitousAppDelegate.swift */; };
		7382510E19E60EED00CD2B28 /* Images.xcassets in Resources */ = {isa = PBXBuildFile; fileRef = 7382510D19E60EED00CD2B28 /* Images.xcassets */; };
		7382511119E60EED00CD2B28 /* LaunchScreen.xib in Resources */ = {isa = PBXBuildFile; fileRef = 7382510F19E60EED00CD2B28 /* LaunchScreen.xib */; };
		7382512819E60F3900CD2B28 /* TipViewController.swift in Sources */ = {isa = PBXBuildFile; fileRef = 7382512619E60F3900CD2B28 /* TipViewController.swift */; };
		7382512C19E6473A00CD2B28 /* GratuitousTableViewCell.swift in Sources */ = {isa = PBXBuildFile; fileRef = 7382512A19E6473A00CD2B28 /* GratuitousTableViewCell.swift */; };
		7382512D19E6473A00CD2B28 /* GratuitousTableViewCell.xib in Resources */ = {isa = PBXBuildFile; fileRef = 7382512B19E6473A00CD2B28 /* GratuitousTableViewCell.xib */; };
		73B9BFF119FC629100700608 /* SettingsTableViewController.swift in Sources */ = {isa = PBXBuildFile; fileRef = 73B9BFF019FC629100700608 /* SettingsTableViewController.swift */; };
		73BEB23C19F73BEF009907AF /* GratuitousGradientView.swift in Sources */ = {isa = PBXBuildFile; fileRef = 736937BD19EF84AA003EEC68 /* GratuitousGradientView.swift */; };
		73C7B4921A2A911E00536D86 /* Localizable.strings in Resources */ = {isa = PBXBuildFile; fileRef = 7334770D1A26E85000513F1F /* Localizable.strings */; };
		73D11C491A1DB2A3003D238C /* GratuitousPresentationController.swift in Sources */ = {isa = PBXBuildFile; fileRef = 73EDC4BC1A1807AA006AA72D /* GratuitousPresentationController.swift */; };
		73D11C4A1A1DB2A6003D238C /* GratuitousAnimatedTransitioning.swift in Sources */ = {isa = PBXBuildFile; fileRef = 73EDC4BE1A1816DD006AA72D /* GratuitousAnimatedTransitioning.swift */; };
		73D403A21A0C7D36007247E0 /* GratuitousSettingsButtons.swift in Sources */ = {isa = PBXBuildFile; fileRef = 73D403A11A0C7D36007247E0 /* GratuitousSettingsButtons.swift */; };
		73D653461A071DAF005D1968 /* GratuitousCurrencySelectorCellTableViewCell.swift in Sources */ = {isa = PBXBuildFile; fileRef = 73D653451A071DAF005D1968 /* GratuitousCurrencySelectorCellTableViewCell.swift */; };
		73D730D21AB49E4D00172397 /* Crashlytics.framework in Frameworks */ = {isa = PBXBuildFile; fileRef = 73D730D01AB49E4D00172397 /* Crashlytics.framework */; };
		73D730D31AB49E4D00172397 /* Crashlytics.framework in Frameworks */ = {isa = PBXBuildFile; fileRef = 73D730D01AB49E4D00172397 /* Crashlytics.framework */; };
		73D730D61AB49E4D00172397 /* Fabric.framework in Frameworks */ = {isa = PBXBuildFile; fileRef = 73D730D11AB49E4D00172397 /* Fabric.framework */; };
		73D730D71AB49E4D00172397 /* Fabric.framework in Frameworks */ = {isa = PBXBuildFile; fileRef = 73D730D11AB49E4D00172397 /* Fabric.framework */; };
		73E35AF21A0D33DA009A2F97 /* GratuitousEnums.swift in Sources */ = {isa = PBXBuildFile; fileRef = 73E35AF11A0D33DA009A2F97 /* GratuitousEnums.swift */; };
		73EDC4C11A181726006AA72D /* GratuitousTransitioningDelegate.swift in Sources */ = {isa = PBXBuildFile; fileRef = 73EDC4C01A181726006AA72D /* GratuitousTransitioningDelegate.swift */; };
/* End PBXBuildFile section */

/* Begin PBXContainerItemProxy section */
		73450E7A1ABF2926005927F1 /* PBXContainerItemProxy */ = {
			isa = PBXContainerItemProxy;
			containerPortal = 738250F919E60EED00CD2B28 /* Project object */;
			proxyType = 1;
			remoteGlobalIDString = 73450E771ABF2926005927F1;
			remoteInfo = "GratuityL WatchKit App";
		};
		73450E841ABF2926005927F1 /* PBXContainerItemProxy */ = {
			isa = PBXContainerItemProxy;
			containerPortal = 738250F919E60EED00CD2B28 /* Project object */;
			proxyType = 1;
			remoteGlobalIDString = 73450E6B1ABF2926005927F1;
			remoteInfo = "GratuityL WatchKit Extension";
		};
/* End PBXContainerItemProxy section */

/* Begin PBXCopyFilesBuildPhase section */
		73467BB81ABA0127006C3DFC /* Embed App Extensions */ = {
			isa = PBXCopyFilesBuildPhase;
			buildActionMask = 2147483647;
			dstPath = "";
			dstSubfolderSpec = 13;
			files = (
				73450E861ABF2926005927F1 /* GratuityL WatchKit Extension.appex in Embed App Extensions */,
			);
			name = "Embed App Extensions";
			runOnlyForDeploymentPostprocessing = 0;
		};
/* End PBXCopyFilesBuildPhase section */

/* Begin PBXFileReference section */
		730530C91A871A3200DC08A6 /* Gratuityδ.entitlements */ = {isa = PBXFileReference; lastKnownFileType = text.xml; path = "Gratuityδ.entitlements"; sourceTree = "<group>"; };
		730530CA1A871A4700DC08A6 /* Gratuityλδ.entitlements */ = {isa = PBXFileReference; lastKnownFileType = text.xml; path = "Gratuityλδ.entitlements"; sourceTree = "<group>"; };
		730530CB1A871A5200DC08A6 /* GratuitousSwift Watch.entitlements */ = {isa = PBXFileReference; lastKnownFileType = text.xml; path = "GratuitousSwift Watch.entitlements"; sourceTree = "<group>"; };
		730530CC1A871A5F00DC08A6 /* GratuitousSwift Watch WatchKit Extension.entitlements */ = {isa = PBXFileReference; lastKnownFileType = text.xml; name = "GratuitousSwift Watch WatchKit Extension.entitlements"; path = "GratuitousSwift Watch WatchKit Extension/GratuitousSwift Watch WatchKit Extension.entitlements"; sourceTree = "<group>"; };
		7334770E1A26E85000513F1F /* en */ = {isa = PBXFileReference; lastKnownFileType = text.plist.strings; name = en; path = Localizable.strings; sourceTree = "<group>"; };
		73368D111AAB9B7F001C1CC3 /* Futura.ttc */ = {isa = PBXFileReference; lastKnownFileType = file; path = Futura.ttc; sourceTree = "<group>"; };
		733E8CB31A86F83100B228CB /* GratuitousUserDefaults.swift */ = {isa = PBXFileReference; fileEncoding = 4; lastKnownFileType = sourcecode.swift; name = GratuitousUserDefaults.swift; path = ../GratuitousSwift/GratuitousUserDefaults.swift; sourceTree = "<group>"; };
		734171AE19E77BEF00405C7B /* GratuitousSwift.storyboard */ = {isa = PBXFileReference; fileEncoding = 4; lastKnownFileType = file.storyboard; path = GratuitousSwift.storyboard; sourceTree = "<group>"; };
		73450E6C1ABF2926005927F1 /* GratuityL WatchKit Extension.appex */ = {isa = PBXFileReference; explicitFileType = "wrapper.app-extension"; includeInIndex = 0; path = "GratuityL WatchKit Extension.appex"; sourceTree = BUILT_PRODUCTS_DIR; };
		73450E6F1ABF2926005927F1 /* GratuityLocalWatchExtensionInfo.plist */ = {isa = PBXFileReference; lastKnownFileType = text.plist.xml; path = GratuityLocalWatchExtensionInfo.plist; sourceTree = "<group>"; };
		73450E781ABF2926005927F1 /* GratuityL WatchKit App.app */ = {isa = PBXFileReference; explicitFileType = wrapper.application; includeInIndex = 0; path = "GratuityL WatchKit App.app"; sourceTree = BUILT_PRODUCTS_DIR; };
		73450E7E1ABF2926005927F1 /* GratuityLocalWatchExtensionAppInfo.plist */ = {isa = PBXFileReference; lastKnownFileType = text.plist.xml; path = GratuityLocalWatchExtensionAppInfo.plist; sourceTree = "<group>"; };
		73450EA11ABF2BF1005927F1 /* GratuityL WatchKit Extension.entitlements */ = {isa = PBXFileReference; lastKnownFileType = text.xml; name = "GratuityL WatchKit Extension.entitlements"; path = "GratuitousSwift Watch WatchKit Extension/GratuityL WatchKit Extension.entitlements"; sourceTree = "<group>"; };
		734A7C591AA8347C008823B6 /* GratuitousUIColor.swift */ = {isa = PBXFileReference; fileEncoding = 4; lastKnownFileType = sourcecode.swift; path = GratuitousUIColor.swift; sourceTree = "<group>"; };
		73556E621A19711E0079A37D /* GratuitousSwift-Bridging-Header.h */ = {isa = PBXFileReference; lastKnownFileType = sourcecode.c.h; path = "GratuitousSwift-Bridging-Header.h"; sourceTree = "<group>"; };
		73556E631A19711F0079A37D /* UIImage+PDFUtility.h */ = {isa = PBXFileReference; fileEncoding = 4; lastKnownFileType = sourcecode.c.h; path = "UIImage+PDFUtility.h"; sourceTree = "<group>"; };
		73556E641A19711F0079A37D /* UIImage+PDFUtility.m */ = {isa = PBXFileReference; fileEncoding = 4; lastKnownFileType = sourcecode.c.objc; path = "UIImage+PDFUtility.m"; sourceTree = "<group>"; };
		735C011D1A0878D000A19462 /* GratuitousCurrencyFormatter.swift */ = {isa = PBXFileReference; fileEncoding = 4; lastKnownFileType = sourcecode.swift; path = GratuitousCurrencyFormatter.swift; sourceTree = "<group>"; };
		736568F81A26DD1400603602 /* GratuityLD.app */ = {isa = PBXFileReference; explicitFileType = wrapper.application; includeInIndex = 0; path = GratuityLD.app; sourceTree = BUILT_PRODUCTS_DIR; };
		736568F91A26DD1500603602 /* GratuitousSwift copy-Info.plist */ = {isa = PBXFileReference; lastKnownFileType = text.plist.xml; name = "GratuitousSwift copy-Info.plist"; path = "/Users/jeffberg/Documents/SaturdayApps/GratuitousSwift/GratuitousSwift copy-Info.plist"; sourceTree = "<absolute>"; };
		736719C51AA7F11600EF0FD3 /* UnusedInterfaces.storyboard */ = {isa = PBXFileReference; fileEncoding = 4; lastKnownFileType = file.storyboard; path = UnusedInterfaces.storyboard; sourceTree = "<group>"; };
		736937BD19EF84AA003EEC68 /* GratuitousGradientView.swift */ = {isa = PBXFileReference; fileEncoding = 4; lastKnownFileType = sourcecode.swift; path = GratuitousGradientView.swift; sourceTree = "<group>"; };
		737233DC19E8B9B70072EDB4 /* GratuitousUIConstant.swift */ = {isa = PBXFileReference; fileEncoding = 4; lastKnownFileType = sourcecode.swift; path = GratuitousUIConstant.swift; sourceTree = "<group>"; };
		7376F0151AB55AF2002AD1DB /* SettingsInterfaceController.swift */ = {isa = PBXFileReference; fileEncoding = 4; lastKnownFileType = sourcecode.swift; path = SettingsInterfaceController.swift; sourceTree = "<group>"; };
		737C87281A8EE5CA0055C04A /* CrownScrollBillInterfaceController.swift */ = {isa = PBXFileReference; fileEncoding = 4; lastKnownFileType = sourcecode.swift; path = CrownScrollBillInterfaceController.swift; sourceTree = "<group>"; };
		737E5DE61A1AFD1C00F0A8C7 /* settingsIcon.pdf */ = {isa = PBXFileReference; lastKnownFileType = image.pdf; path = settingsIcon.pdf; sourceTree = "<group>"; };
		7382510119E60EED00CD2B28 /* GratuitySD.app */ = {isa = PBXFileReference; explicitFileType = wrapper.application; includeInIndex = 0; path = GratuitySD.app; sourceTree = BUILT_PRODUCTS_DIR; };
		7382510519E60EED00CD2B28 /* Info.plist */ = {isa = PBXFileReference; lastKnownFileType = text.plist.xml; path = Info.plist; sourceTree = "<group>"; };
		7382510619E60EED00CD2B28 /* GratuitousAppDelegate.swift */ = {isa = PBXFileReference; lastKnownFileType = sourcecode.swift; path = GratuitousAppDelegate.swift; sourceTree = "<group>"; };
		7382510D19E60EED00CD2B28 /* Images.xcassets */ = {isa = PBXFileReference; lastKnownFileType = folder.assetcatalog; path = Images.xcassets; sourceTree = "<group>"; };
		7382511019E60EED00CD2B28 /* Base */ = {isa = PBXFileReference; lastKnownFileType = file.xib; name = Base; path = Base.lproj/LaunchScreen.xib; sourceTree = "<group>"; };
		7382511B19E60EED00CD2B28 /* Info.plist */ = {isa = PBXFileReference; lastKnownFileType = text.plist.xml; path = Info.plist; sourceTree = "<group>"; };
		7382511C19E60EED00CD2B28 /* GratuitousSwiftTests.swift */ = {isa = PBXFileReference; lastKnownFileType = sourcecode.swift; path = GratuitousSwiftTests.swift; sourceTree = "<group>"; };
		7382512619E60F3900CD2B28 /* TipViewController.swift */ = {isa = PBXFileReference; fileEncoding = 4; lastKnownFileType = sourcecode.swift; path = TipViewController.swift; sourceTree = "<group>"; };
		7382512A19E6473A00CD2B28 /* GratuitousTableViewCell.swift */ = {isa = PBXFileReference; fileEncoding = 4; lastKnownFileType = sourcecode.swift; path = GratuitousTableViewCell.swift; sourceTree = "<group>"; };
		7382512B19E6473A00CD2B28 /* GratuitousTableViewCell.xib */ = {isa = PBXFileReference; fileEncoding = 4; lastKnownFileType = file.xib; path = GratuitousTableViewCell.xib; sourceTree = "<group>"; };
		73A0B5671A8FC56A00D17943 /* TotalAmountInterfaceController.swift */ = {isa = PBXFileReference; fileEncoding = 4; lastKnownFileType = sourcecode.swift; path = TotalAmountInterfaceController.swift; sourceTree = "<group>"; };
		73A18D5A1A2A9525002180DD /* WatchKit.framework */ = {isa = PBXFileReference; lastKnownFileType = wrapper.framework; name = WatchKit.framework; path = System/Library/Frameworks/WatchKit.framework; sourceTree = SDKROOT; };
		73A18D5E1A2A9525002180DD /* Info.plist */ = {isa = PBXFileReference; lastKnownFileType = text.plist.xml; path = Info.plist; sourceTree = "<group>"; };
		73A18D5F1A2A9525002180DD /* PushNotificationPayload.json */ = {isa = PBXFileReference; lastKnownFileType = text.json; path = PushNotificationPayload.json; sourceTree = "<group>"; };
		73A18D661A2A9525002180DD /* Images.xcassets */ = {isa = PBXFileReference; lastKnownFileType = folder.assetcatalog; path = Images.xcassets; sourceTree = "<group>"; };
		73A18D701A2A9525002180DD /* Info.plist */ = {isa = PBXFileReference; lastKnownFileType = text.plist.xml; path = Info.plist; sourceTree = "<group>"; };
		73A18D711A2A9525002180DD /* Interface.storyboard */ = {isa = PBXFileReference; lastKnownFileType = file.storyboard; path = Interface.storyboard; sourceTree = "<group>"; };
		73A18D731A2A9525002180DD /* Images.xcassets */ = {isa = PBXFileReference; lastKnownFileType = folder.assetcatalog; path = Images.xcassets; sourceTree = "<group>"; };
		73A18D7F1A2A9661002180DD /* GratuitousWatchDataSource.swift */ = {isa = PBXFileReference; fileEncoding = 4; lastKnownFileType = sourcecode.swift; path = GratuitousWatchDataSource.swift; sourceTree = "<group>"; };
		73A755B11A87F2770038E023 /* AppDelegateInterfaceController.swift */ = {isa = PBXFileReference; fileEncoding = 4; lastKnownFileType = sourcecode.swift; path = AppDelegateInterfaceController.swift; sourceTree = "<group>"; };
		73A755B81A882BB10038E023 /* CrownScrollBillTableRowController.swift */ = {isa = PBXFileReference; fileEncoding = 4; lastKnownFileType = sourcecode.swift; path = CrownScrollBillTableRowController.swift; sourceTree = "<group>"; };
		73B9BFF019FC629100700608 /* SettingsTableViewController.swift */ = {isa = PBXFileReference; fileEncoding = 4; lastKnownFileType = sourcecode.swift; path = SettingsTableViewController.swift; sourceTree = "<group>"; };
		73C0FD511A884789003ED951 /* CrownScrollTipInterfaceController.swift */ = {isa = PBXFileReference; fileEncoding = 4; lastKnownFileType = sourcecode.swift; path = CrownScrollTipInterfaceController.swift; sourceTree = "<group>"; };
		73C0FD531A884BFB003ED951 /* CrownScrollTipTableRowController.swift */ = {isa = PBXFileReference; fileEncoding = 4; lastKnownFileType = sourcecode.swift; path = CrownScrollTipTableRowController.swift; sourceTree = "<group>"; };
		73C1F4D21AA58F3400F6C116 /* ThreeButtonStepperInterfaceController.swift */ = {isa = PBXFileReference; fileEncoding = 4; lastKnownFileType = sourcecode.swift; path = ThreeButtonStepperInterfaceController.swift; sourceTree = "<group>"; };
		73C7B4B41A2A92E500536D86 /* GratuitousSwift Local copy-Info.plist */ = {isa = PBXFileReference; lastKnownFileType = text.plist.xml; name = "GratuitousSwift Local copy-Info.plist"; path = "/Users/jeffberg/Documents/SaturdayApps/GratuitousSwift/GratuitousSwift Local copy-Info.plist"; sourceTree = "<absolute>"; };
		73D179271A90532E003D9DEE /* StepperBillInterfaceController.swift */ = {isa = PBXFileReference; fileEncoding = 4; lastKnownFileType = sourcecode.swift; name = StepperBillInterfaceController.swift; path = "../GratuitousSwift Watch WatchKit Extension/StepperBillInterfaceController.swift"; sourceTree = "<group>"; };
		73D403A11A0C7D36007247E0 /* GratuitousSettingsButtons.swift */ = {isa = PBXFileReference; fileEncoding = 4; lastKnownFileType = sourcecode.swift; path = GratuitousSettingsButtons.swift; sourceTree = "<group>"; };
		73D653451A071DAF005D1968 /* GratuitousCurrencySelectorCellTableViewCell.swift */ = {isa = PBXFileReference; fileEncoding = 4; lastKnownFileType = sourcecode.swift; path = GratuitousCurrencySelectorCellTableViewCell.swift; sourceTree = "<group>"; };
		73D730D01AB49E4D00172397 /* Crashlytics.framework */ = {isa = PBXFileReference; lastKnownFileType = wrapper.framework; path = Crashlytics.framework; sourceTree = SOURCE_ROOT; };
		73D730D11AB49E4D00172397 /* Fabric.framework */ = {isa = PBXFileReference; lastKnownFileType = wrapper.framework; path = Fabric.framework; sourceTree = SOURCE_ROOT; };
		73DE026D1AB92E4E004B694D /* GratuitousMenuInterfaceController.swift */ = {isa = PBXFileReference; fileEncoding = 4; lastKnownFileType = sourcecode.swift; path = GratuitousMenuInterfaceController.swift; sourceTree = "<group>"; };
		73E35AF11A0D33DA009A2F97 /* GratuitousEnums.swift */ = {isa = PBXFileReference; fileEncoding = 4; lastKnownFileType = sourcecode.swift; name = GratuitousEnums.swift; path = ../GratuitousSwift/GratuitousEnums.swift; sourceTree = "<group>"; };
		73EDC4BC1A1807AA006AA72D /* GratuitousPresentationController.swift */ = {isa = PBXFileReference; fileEncoding = 4; lastKnownFileType = sourcecode.swift; path = GratuitousPresentationController.swift; sourceTree = "<group>"; };
		73EDC4BE1A1816DD006AA72D /* GratuitousAnimatedTransitioning.swift */ = {isa = PBXFileReference; fileEncoding = 4; lastKnownFileType = sourcecode.swift; path = GratuitousAnimatedTransitioning.swift; sourceTree = "<group>"; };
		73EDC4C01A181726006AA72D /* GratuitousTransitioningDelegate.swift */ = {isa = PBXFileReference; fileEncoding = 4; lastKnownFileType = sourcecode.swift; path = GratuitousTransitioningDelegate.swift; sourceTree = "<group>"; };
/* End PBXFileReference section */

/* Begin PBXFrameworksBuildPhase section */
		73450E691ABF2926005927F1 /* Frameworks */ = {
			isa = PBXFrameworksBuildPhase;
			buildActionMask = 2147483647;
			files = (
				73450EA21ABF2C0A005927F1 /* WatchKit.framework in Frameworks */,
				73450E9E1ABF2B09005927F1 /* Crashlytics.framework in Frameworks */,
				73450E9D1ABF2B05005927F1 /* Fabric.framework in Frameworks */,
			);
			runOnlyForDeploymentPostprocessing = 0;
		};
		736568EB1A26DD1400603602 /* Frameworks */ = {
			isa = PBXFrameworksBuildPhase;
			buildActionMask = 2147483647;
			files = (
				73D730D31AB49E4D00172397 /* Crashlytics.framework in Frameworks */,
				73D730D71AB49E4D00172397 /* Fabric.framework in Frameworks */,
			);
			runOnlyForDeploymentPostprocessing = 0;
		};
		738250FE19E60EED00CD2B28 /* Frameworks */ = {
			isa = PBXFrameworksBuildPhase;
			buildActionMask = 2147483647;
			files = (
				73D730D21AB49E4D00172397 /* Crashlytics.framework in Frameworks */,
				73D730D61AB49E4D00172397 /* Fabric.framework in Frameworks */,
			);
			runOnlyForDeploymentPostprocessing = 0;
		};
/* End PBXFrameworksBuildPhase section */

/* Begin PBXGroup section */
		7334770C1A26E85000513F1F /* en.lproj */ = {
			isa = PBXGroup;
			children = (
				7334770D1A26E85000513F1F /* Localizable.strings */,
			);
			path = en.lproj;
			sourceTree = "<group>";
		};
		733A9C851AAB850700BFBACE /* Unused Files */ = {
			isa = PBXGroup;
			children = (
				73D179271A90532E003D9DEE /* StepperBillInterfaceController.swift */,
				736719C51AA7F11600EF0FD3 /* UnusedInterfaces.storyboard */,
			);
			name = "Unused Files";
			sourceTree = "<group>";
		};
		7353346D1A1803FB008530E1 /* TipViewController */ = {
			isa = PBXGroup;
			children = (
				7382512619E60F3900CD2B28 /* TipViewController.swift */,
				7353346E1A180438008530E1 /* TipTableView Subclasses */,
			);
			name = TipViewController;
			sourceTree = "<group>";
		};
		7353346E1A180438008530E1 /* TipTableView Subclasses */ = {
			isa = PBXGroup;
			children = (
				7382512A19E6473A00CD2B28 /* GratuitousTableViewCell.swift */,
				7382512B19E6473A00CD2B28 /* GratuitousTableViewCell.xib */,
				736937BD19EF84AA003EEC68 /* GratuitousGradientView.swift */,
			);
			name = "TipTableView Subclasses";
			sourceTree = "<group>";
		};
		735334701A18048D008530E1 /* Settings Subclasses */ = {
			isa = PBXGroup;
			children = (
				73D653451A071DAF005D1968 /* GratuitousCurrencySelectorCellTableViewCell.swift */,
				73D403A11A0C7D36007247E0 /* GratuitousSettingsButtons.swift */,
			);
			name = "Settings Subclasses";
			sourceTree = "<group>";
		};
		735334711A1804CC008530E1 /* Settings View Controller */ = {
			isa = PBXGroup;
			children = (
				73B9BFF019FC629100700608 /* SettingsTableViewController.swift */,
				735334701A18048D008530E1 /* Settings Subclasses */,
			);
			name = "Settings View Controller";
			sourceTree = "<group>";
		};
		735334721A1804E2008530E1 /* Custom Presentation */ = {
			isa = PBXGroup;
			children = (
				73EDC4BC1A1807AA006AA72D /* GratuitousPresentationController.swift */,
				73EDC4BE1A1816DD006AA72D /* GratuitousAnimatedTransitioning.swift */,
				73EDC4C01A181726006AA72D /* GratuitousTransitioningDelegate.swift */,
			);
			name = "Custom Presentation";
			sourceTree = "<group>";
		};
		738250F819E60EED00CD2B28 = {
			isa = PBXGroup;
			children = (
				7382510319E60EED00CD2B28 /* GratuitousSwift */,
				73A18D5C1A2A9525002180DD /* GratuitousSwift Watch WatchKit Extension */,
				73A18D6E1A2A9525002180DD /* GratuitousSwift Watch Watch App */,
				73A755B31A87F8E80038E023 /* Common Files */,
				73A18D591A2A9525002180DD /* Frameworks */,
				7382510219E60EED00CD2B28 /* Products */,
				7382511919E60EED00CD2B28 /* GratuitousSwiftTests */,
				730530CC1A871A5F00DC08A6 /* GratuitousSwift Watch WatchKit Extension.entitlements */,
				730530CB1A871A5200DC08A6 /* GratuitousSwift Watch.entitlements */,
				730530CA1A871A4700DC08A6 /* Gratuityλδ.entitlements */,
				730530C91A871A3200DC08A6 /* Gratuityδ.entitlements */,
				73450EA11ABF2BF1005927F1 /* GratuityL WatchKit Extension.entitlements */,
				736568F91A26DD1500603602 /* GratuitousSwift copy-Info.plist */,
				73C7B4B41A2A92E500536D86 /* GratuitousSwift Local copy-Info.plist */,
			);
			sourceTree = "<group>";
		};
		7382510219E60EED00CD2B28 /* Products */ = {
			isa = PBXGroup;
			children = (
				7382510119E60EED00CD2B28 /* GratuitySD.app */,
				736568F81A26DD1400603602 /* GratuityLD.app */,
				73450E6C1ABF2926005927F1 /* GratuityL WatchKit Extension.appex */,
				73450E781ABF2926005927F1 /* GratuityL WatchKit App.app */,
			);
			name = Products;
			sourceTree = "<group>";
		};
		7382510319E60EED00CD2B28 /* GratuitousSwift */ = {
			isa = PBXGroup;
			children = (
				7382510619E60EED00CD2B28 /* GratuitousAppDelegate.swift */,
				734171AE19E77BEF00405C7B /* GratuitousSwift.storyboard */,
				7353346D1A1803FB008530E1 /* TipViewController */,
				735334711A1804CC008530E1 /* Settings View Controller */,
				735334721A1804E2008530E1 /* Custom Presentation */,
				73A755B71A87FB010038E023 /* Custom Files */,
				7382510419E60EED00CD2B28 /* Supporting Files */,
				73E7E60F1A19A9FB004F9F5C /* Frameworks */,
			);
			path = GratuitousSwift;
			sourceTree = "<group>";
		};
		7382510419E60EED00CD2B28 /* Supporting Files */ = {
			isa = PBXGroup;
			children = (
				7382510D19E60EED00CD2B28 /* Images.xcassets */,
				737E5DE61A1AFD1C00F0A8C7 /* settingsIcon.pdf */,
				7382510F19E60EED00CD2B28 /* LaunchScreen.xib */,
				7382510519E60EED00CD2B28 /* Info.plist */,
				73556E621A19711E0079A37D /* GratuitousSwift-Bridging-Header.h */,
				7334770C1A26E85000513F1F /* en.lproj */,
			);
			name = "Supporting Files";
			sourceTree = "<group>";
		};
		7382511919E60EED00CD2B28 /* GratuitousSwiftTests */ = {
			isa = PBXGroup;
			children = (
				7382511C19E60EED00CD2B28 /* GratuitousSwiftTests.swift */,
				7382511A19E60EED00CD2B28 /* Supporting Files */,
			);
			path = GratuitousSwiftTests;
			sourceTree = "<group>";
		};
		7382511A19E60EED00CD2B28 /* Supporting Files */ = {
			isa = PBXGroup;
			children = (
				7382511B19E60EED00CD2B28 /* Info.plist */,
			);
			name = "Supporting Files";
			sourceTree = "<group>";
		};
		73A18D591A2A9525002180DD /* Frameworks */ = {
			isa = PBXGroup;
			children = (
				73A18D5A1A2A9525002180DD /* WatchKit.framework */,
			);
			name = Frameworks;
			sourceTree = "<group>";
		};
		73A18D5C1A2A9525002180DD /* GratuitousSwift Watch WatchKit Extension */ = {
			isa = PBXGroup;
			children = (
				73A755B11A87F2770038E023 /* AppDelegateInterfaceController.swift */,
				73A0B5671A8FC56A00D17943 /* TotalAmountInterfaceController.swift */,
				7376F0151AB55AF2002AD1DB /* SettingsInterfaceController.swift */,
				73A18D7F1A2A9661002180DD /* GratuitousWatchDataSource.swift */,
				73DE026D1AB92E4E004B694D /* GratuitousMenuInterfaceController.swift */,
				73A755AE1A87F1E60038E023 /* Crown Scroll Interface */,
				73A755AB1A87EF310038E023 /* Stepper Interface */,
				73A18D661A2A9525002180DD /* Images.xcassets */,
				73A18D5D1A2A9525002180DD /* Supporting Files */,
			);
			path = "GratuitousSwift Watch WatchKit Extension";
			sourceTree = "<group>";
		};
		73A18D5D1A2A9525002180DD /* Supporting Files */ = {
			isa = PBXGroup;
			children = (
				73A18D5E1A2A9525002180DD /* Info.plist */,
				73450E6F1ABF2926005927F1 /* GratuityLocalWatchExtensionInfo.plist */,
				73A18D5F1A2A9525002180DD /* PushNotificationPayload.json */,
			);
			name = "Supporting Files";
			sourceTree = "<group>";
		};
		73A18D6E1A2A9525002180DD /* GratuitousSwift Watch Watch App */ = {
			isa = PBXGroup;
			children = (
				73A18D711A2A9525002180DD /* Interface.storyboard */,
				73A18D731A2A9525002180DD /* Images.xcassets */,
				73A18D6F1A2A9525002180DD /* Supporting Files */,
			);
			path = "GratuitousSwift Watch Watch App";
			sourceTree = "<group>";
		};
		73A18D6F1A2A9525002180DD /* Supporting Files */ = {
			isa = PBXGroup;
			children = (
				73450E7E1ABF2926005927F1 /* GratuityLocalWatchExtensionAppInfo.plist */,
				73A18D701A2A9525002180DD /* Info.plist */,
			);
			name = "Supporting Files";
			sourceTree = "<group>";
		};
		73A755AB1A87EF310038E023 /* Stepper Interface */ = {
			isa = PBXGroup;
			children = (
				73C1F4D21AA58F3400F6C116 /* ThreeButtonStepperInterfaceController.swift */,
			);
			name = "Stepper Interface";
			sourceTree = "<group>";
		};
		73A755AE1A87F1E60038E023 /* Crown Scroll Interface */ = {
			isa = PBXGroup;
			children = (
				737C87281A8EE5CA0055C04A /* CrownScrollBillInterfaceController.swift */,
				73C0FD511A884789003ED951 /* CrownScrollTipInterfaceController.swift */,
				73A755B81A882BB10038E023 /* CrownScrollBillTableRowController.swift */,
				73C0FD531A884BFB003ED951 /* CrownScrollTipTableRowController.swift */,
			);
			name = "Crown Scroll Interface";
			sourceTree = "<group>";
		};
		73A755B31A87F8E80038E023 /* Common Files */ = {
			isa = PBXGroup;
			children = (
				73368D111AAB9B7F001C1CC3 /* Futura.ttc */,
				733E8CB31A86F83100B228CB /* GratuitousUserDefaults.swift */,
				73E35AF11A0D33DA009A2F97 /* GratuitousEnums.swift */,
				733A9C851AAB850700BFBACE /* Unused Files */,
			);
			name = "Common Files";
			path = "GratuitousSwift Watch Watch App";
			sourceTree = "<group>";
		};
		73A755B71A87FB010038E023 /* Custom Files */ = {
			isa = PBXGroup;
			children = (
				737233DC19E8B9B70072EDB4 /* GratuitousUIConstant.swift */,
				734A7C591AA8347C008823B6 /* GratuitousUIColor.swift */,
				735C011D1A0878D000A19462 /* GratuitousCurrencyFormatter.swift */,
			);
			name = "Custom Files";
			sourceTree = "<group>";
		};
		73E7E60F1A19A9FB004F9F5C /* Frameworks */ = {
			isa = PBXGroup;
			children = (
				73556E631A19711F0079A37D /* UIImage+PDFUtility.h */,
				73556E641A19711F0079A37D /* UIImage+PDFUtility.m */,
				73D730D01AB49E4D00172397 /* Crashlytics.framework */,
				73D730D11AB49E4D00172397 /* Fabric.framework */,
			);
			name = Frameworks;
			sourceTree = "<group>";
		};
/* End PBXGroup section */

/* Begin PBXNativeTarget section */
		73450E6B1ABF2926005927F1 /* GratuityL WatchKit Extension */ = {
			isa = PBXNativeTarget;
			buildConfigurationList = 73450E8C1ABF2926005927F1 /* Build configuration list for PBXNativeTarget "GratuityL WatchKit Extension" */;
			buildPhases = (
				73450E681ABF2926005927F1 /* Sources */,
				73450E691ABF2926005927F1 /* Frameworks */,
				73450E6A1ABF2926005927F1 /* Resources */,
				73450EA01ABF2BDD005927F1 /* ShellScript */,
			);
			buildRules = (
			);
			dependencies = (
				73450E7B1ABF2926005927F1 /* PBXTargetDependency */,
			);
			name = "GratuityL WatchKit Extension";
			productName = "GratuityL WatchKit Extension";
			productReference = 73450E6C1ABF2926005927F1 /* GratuityL WatchKit Extension.appex */;
			productType = "com.apple.product-type.watchkit-extension";
		};
		73450E771ABF2926005927F1 /* GratuityL WatchKit App */ = {
			isa = PBXNativeTarget;
			buildConfigurationList = 73450E8B1ABF2926005927F1 /* Build configuration list for PBXNativeTarget "GratuityL WatchKit App" */;
			buildPhases = (
				73450E761ABF2926005927F1 /* Resources */,
			);
			buildRules = (
			);
			dependencies = (
			);
			name = "GratuityL WatchKit App";
			productName = "GratuityL WatchKit App";
			productReference = 73450E781ABF2926005927F1 /* GratuityL WatchKit App.app */;
			productType = "com.apple.product-type.application.watchapp";
		};
		736568D91A26DD1400603602 /* GratuitousSwift Local */ = {
			isa = PBXNativeTarget;
			buildConfigurationList = 736568F51A26DD1400603602 /* Build configuration list for PBXNativeTarget "GratuitousSwift Local" */;
			buildPhases = (
				736568DA1A26DD1400603602 /* Sources */,
				736568EB1A26DD1400603602 /* Frameworks */,
				736568EE1A26DD1400603602 /* Resources */,
				73D730CF1AB49E2F00172397 /* ShellScript */,
				73467BB81ABA0127006C3DFC /* Embed App Extensions */,
			);
			buildRules = (
			);
			dependencies = (
				73450E851ABF2926005927F1 /* PBXTargetDependency */,
			);
			name = "GratuitousSwift Local";
			productName = GratuitousSwift;
			productReference = 736568F81A26DD1400603602 /* GratuityLD.app */;
			productType = "com.apple.product-type.application";
		};
		7382510019E60EED00CD2B28 /* GratuitousSwift Store */ = {
			isa = PBXNativeTarget;
			buildConfigurationList = 7382512019E60EED00CD2B28 /* Build configuration list for PBXNativeTarget "GratuitousSwift Store" */;
			buildPhases = (
				738250FD19E60EED00CD2B28 /* Sources */,
				738250FE19E60EED00CD2B28 /* Frameworks */,
				738250FF19E60EED00CD2B28 /* Resources */,
				73D730DA1AB49ED800172397 /* ShellScript */,
			);
			buildRules = (
			);
			dependencies = (
			);
			name = "GratuitousSwift Store";
			productName = GratuitousSwift;
			productReference = 7382510119E60EED00CD2B28 /* GratuitySD.app */;
			productType = "com.apple.product-type.application";
		};
/* End PBXNativeTarget section */

/* Begin PBXProject section */
		738250F919E60EED00CD2B28 /* Project object */ = {
			isa = PBXProject;
			attributes = {
				LastUpgradeCheck = 0600;
				ORGANIZATIONNAME = SaturdayApps;
				TargetAttributes = {
					73450E6B1ABF2926005927F1 = {
						CreatedOnToolsVersion = 6.2;
						DevelopmentTeam = V6ESYGU6CV;
						SystemCapabilities = {
							com.apple.ApplicationGroups.iOS = {
								enabled = 1;
							};
						};
					};
					73450E771ABF2926005927F1 = {
						CreatedOnToolsVersion = 6.2;
						DevelopmentTeam = V6ESYGU6CV;
					};
					736568D91A26DD1400603602 = {
						DevelopmentTeam = V6ESYGU6CV;
						SystemCapabilities = {
							com.apple.ApplicationGroups.iOS = {
								enabled = 1;
							};
						};
					};
					7382510019E60EED00CD2B28 = {
						CreatedOnToolsVersion = 6.0.1;
						DevelopmentTeam = V6ESYGU6CV;
						SystemCapabilities = {
							com.apple.ApplicationGroups.iOS = {
								enabled = 1;
							};
						};
					};
				};
			};
			buildConfigurationList = 738250FC19E60EED00CD2B28 /* Build configuration list for PBXProject "GratuitousSwift" */;
			compatibilityVersion = "Xcode 3.2";
			developmentRegion = English;
			hasScannedForEncodings = 0;
			knownRegions = (
				en,
				Base,
			);
			mainGroup = 738250F819E60EED00CD2B28;
			productRefGroup = 7382510219E60EED00CD2B28 /* Products */;
			projectDirPath = "";
			projectRoot = "";
			targets = (
				7382510019E60EED00CD2B28 /* GratuitousSwift Store */,
				736568D91A26DD1400603602 /* GratuitousSwift Local */,
				73450E771ABF2926005927F1 /* GratuityL WatchKit App */,
				73450E6B1ABF2926005927F1 /* GratuityL WatchKit Extension */,
			);
		};
/* End PBXProject section */

/* Begin PBXResourcesBuildPhase section */
		73450E6A1ABF2926005927F1 /* Resources */ = {
			isa = PBXResourcesBuildPhase;
			buildActionMask = 2147483647;
			files = (
				73450E991ABF2A91005927F1 /* Futura.ttc in Resources */,
				73450E791ABF2926005927F1 /* GratuityL WatchKit App.app in Resources */,
			);
			runOnlyForDeploymentPostprocessing = 0;
		};
		73450E761ABF2926005927F1 /* Resources */ = {
			isa = PBXResourcesBuildPhase;
			buildActionMask = 2147483647;
			files = (
				73450E9A1ABF2A92005927F1 /* Futura.ttc in Resources */,
				73450E971ABF2A71005927F1 /* Interface.storyboard in Resources */,
				73450E981ABF2A7E005927F1 /* Images.xcassets in Resources */,
			);
			runOnlyForDeploymentPostprocessing = 0;
		};
		736568EE1A26DD1400603602 /* Resources */ = {
			isa = PBXResourcesBuildPhase;
			buildActionMask = 2147483647;
			files = (
				736568EF1A26DD1400603602 /* GratuitousTableViewCell.xib in Resources */,
				73C7B4921A2A911E00536D86 /* Localizable.strings in Resources */,
				736568F01A26DD1400603602 /* GratuitousSwift.storyboard in Resources */,
				736568F11A26DD1400603602 /* LaunchScreen.xib in Resources */,
				736568F21A26DD1400603602 /* Images.xcassets in Resources */,
				736568F31A26DD1400603602 /* settingsIcon.pdf in Resources */,
			);
			runOnlyForDeploymentPostprocessing = 0;
		};
		738250FF19E60EED00CD2B28 /* Resources */ = {
			isa = PBXResourcesBuildPhase;
			buildActionMask = 2147483647;
			files = (
				7382512D19E6473A00CD2B28 /* GratuitousTableViewCell.xib in Resources */,
				7334770F1A26E85000513F1F /* Localizable.strings in Resources */,
				734171AF19E77BEF00405C7B /* GratuitousSwift.storyboard in Resources */,
				7382511119E60EED00CD2B28 /* LaunchScreen.xib in Resources */,
				7382510E19E60EED00CD2B28 /* Images.xcassets in Resources */,
				737E5DE71A1AFD1C00F0A8C7 /* settingsIcon.pdf in Resources */,
			);
			runOnlyForDeploymentPostprocessing = 0;
		};
/* End PBXResourcesBuildPhase section */

/* Begin PBXShellScriptBuildPhase section */
		73450EA01ABF2BDD005927F1 /* ShellScript */ = {
			isa = PBXShellScriptBuildPhase;
			buildActionMask = 2147483647;
			files = (
			);
			inputPaths = (
			);
			outputPaths = (
			);
			runOnlyForDeploymentPostprocessing = 0;
			shellPath = /bin/sh;
			shellScript = "./Fabric.framework/run eb82450d442b0f7ab592d59388ece084ee77d7ce d27eb9a1b2174e1b94a1bd36f5a5c097d6b046e5ddfa579bb9aed11ce6f80e24";
		};
		73D730CF1AB49E2F00172397 /* ShellScript */ = {
			isa = PBXShellScriptBuildPhase;
			buildActionMask = 2147483647;
			files = (
			);
			inputPaths = (
			);
			outputPaths = (
			);
			runOnlyForDeploymentPostprocessing = 0;
			shellPath = /bin/sh;
			shellScript = "./Fabric.framework/run eb82450d442b0f7ab592d59388ece084ee77d7ce d27eb9a1b2174e1b94a1bd36f5a5c097d6b046e5ddfa579bb9aed11ce6f80e24";
		};
		73D730DA1AB49ED800172397 /* ShellScript */ = {
			isa = PBXShellScriptBuildPhase;
			buildActionMask = 2147483647;
			files = (
			);
			inputPaths = (
			);
			outputPaths = (
			);
			runOnlyForDeploymentPostprocessing = 0;
			shellPath = /bin/sh;
			shellScript = "./Fabric.framework/run eb82450d442b0f7ab592d59388ece084ee77d7ce d27eb9a1b2174e1b94a1bd36f5a5c097d6b046e5ddfa579bb9aed11ce6f80e24    ";
		};
/* End PBXShellScriptBuildPhase section */

/* Begin PBXSourcesBuildPhase section */
		73450E681ABF2926005927F1 /* Sources */ = {
			isa = PBXSourcesBuildPhase;
			buildActionMask = 2147483647;
			files = (
				731375551ABF2FA50074E2F2 /* AppDelegateInterfaceController.swift in Sources */,
				73450E9B1ABF2A97005927F1 /* GratuitousUserDefaults.swift in Sources */,
				73450E8E1ABF2A50005927F1 /* TotalAmountInterfaceController.swift in Sources */,
				73450E941ABF2A5F005927F1 /* CrownScrollBillTableRowController.swift in Sources */,
				73450E951ABF2A5F005927F1 /* CrownScrollTipTableRowController.swift in Sources */,
				73450E8F1ABF2A50005927F1 /* SettingsInterfaceController.swift in Sources */,
				73450E961ABF2A64005927F1 /* ThreeButtonStepperInterfaceController.swift in Sources */,
				73450E9F1ABF2B25005927F1 /* GratuitousUIColor.swift in Sources */,
				73450E911ABF2A50005927F1 /* GratuitousMenuInterfaceController.swift in Sources */,
				73450E901ABF2A50005927F1 /* GratuitousWatchDataSource.swift in Sources */,
				73450E921ABF2A5F005927F1 /* CrownScrollBillInterfaceController.swift in Sources */,
				73450E931ABF2A5F005927F1 /* CrownScrollTipInterfaceController.swift in Sources */,
				73450E9C1ABF2A9C005927F1 /* GratuitousEnums.swift in Sources */,
			);
			runOnlyForDeploymentPostprocessing = 0;
		};
		736568DA1A26DD1400603602 /* Sources */ = {
			isa = PBXSourcesBuildPhase;
			buildActionMask = 2147483647;
			files = (
				736568DB1A26DD1400603602 /* UIImage+PDFUtility.m in Sources */,
				736568DC1A26DD1400603602 /* TipViewController.swift in Sources */,
				736568DD1A26DD1400603602 /* GratuitousTableViewCell.swift in Sources */,
				736568DE1A26DD1400603602 /* GratuitousSettingsButtons.swift in Sources */,
				736568DF1A26DD1400603602 /* GratuitousTransitioningDelegate.swift in Sources */,
				733E8CB51A86FBA200B228CB /* GratuitousUserDefaults.swift in Sources */,
				734A7C5B1AA8347C008823B6 /* GratuitousUIColor.swift in Sources */,
				736568E01A26DD1400603602 /* GratuitousCurrencyFormatter.swift in Sources */,
				736568E11A26DD1400603602 /* GratuitousEnums.swift in Sources */,
				736568E31A26DD1400603602 /* GratuitousUIConstant.swift in Sources */,
				736568E51A26DD1400603602 /* GratuitousGradientView.swift in Sources */,
				736568E61A26DD1400603602 /* GratuitousPresentationController.swift in Sources */,
				736568E71A26DD1400603602 /* GratuitousAppDelegate.swift in Sources */,
				736568E81A26DD1400603602 /* GratuitousAnimatedTransitioning.swift in Sources */,
				736568E91A26DD1400603602 /* SettingsTableViewController.swift in Sources */,
				736568EA1A26DD1400603602 /* GratuitousCurrencySelectorCellTableViewCell.swift in Sources */,
			);
			runOnlyForDeploymentPostprocessing = 0;
		};
		738250FD19E60EED00CD2B28 /* Sources */ = {
			isa = PBXSourcesBuildPhase;
			buildActionMask = 2147483647;
			files = (
				73556E651A19711F0079A37D /* UIImage+PDFUtility.m in Sources */,
				7382512819E60F3900CD2B28 /* TipViewController.swift in Sources */,
				7382512C19E6473A00CD2B28 /* GratuitousTableViewCell.swift in Sources */,
				73D403A21A0C7D36007247E0 /* GratuitousSettingsButtons.swift in Sources */,
				73EDC4C11A181726006AA72D /* GratuitousTransitioningDelegate.swift in Sources */,
				733E8CB41A86F83100B228CB /* GratuitousUserDefaults.swift in Sources */,
				734A7C5A1AA8347C008823B6 /* GratuitousUIColor.swift in Sources */,
				735C011E1A0878D000A19462 /* GratuitousCurrencyFormatter.swift in Sources */,
				73E35AF21A0D33DA009A2F97 /* GratuitousEnums.swift in Sources */,
				737233DD19E8B9B70072EDB4 /* GratuitousUIConstant.swift in Sources */,
				73BEB23C19F73BEF009907AF /* GratuitousGradientView.swift in Sources */,
				73D11C491A1DB2A3003D238C /* GratuitousPresentationController.swift in Sources */,
				7382510719E60EED00CD2B28 /* GratuitousAppDelegate.swift in Sources */,
				73D11C4A1A1DB2A6003D238C /* GratuitousAnimatedTransitioning.swift in Sources */,
				73B9BFF119FC629100700608 /* SettingsTableViewController.swift in Sources */,
				73D653461A071DAF005D1968 /* GratuitousCurrencySelectorCellTableViewCell.swift in Sources */,
			);
			runOnlyForDeploymentPostprocessing = 0;
		};
/* End PBXSourcesBuildPhase section */

/* Begin PBXTargetDependency section */
		73450E7B1ABF2926005927F1 /* PBXTargetDependency */ = {
			isa = PBXTargetDependency;
			target = 73450E771ABF2926005927F1 /* GratuityL WatchKit App */;
			targetProxy = 73450E7A1ABF2926005927F1 /* PBXContainerItemProxy */;
		};
		73450E851ABF2926005927F1 /* PBXTargetDependency */ = {
			isa = PBXTargetDependency;
			target = 73450E6B1ABF2926005927F1 /* GratuityL WatchKit Extension */;
			targetProxy = 73450E841ABF2926005927F1 /* PBXContainerItemProxy */;
		};
/* End PBXTargetDependency section */

/* Begin PBXVariantGroup section */
		7334770D1A26E85000513F1F /* Localizable.strings */ = {
			isa = PBXVariantGroup;
			children = (
				7334770E1A26E85000513F1F /* en */,
			);
			name = Localizable.strings;
			sourceTree = "<group>";
		};
		7382510F19E60EED00CD2B28 /* LaunchScreen.xib */ = {
			isa = PBXVariantGroup;
			children = (
				7382511019E60EED00CD2B28 /* Base */,
			);
			name = LaunchScreen.xib;
			sourceTree = "<group>";
		};
/* End PBXVariantGroup section */

/* Begin XCBuildConfiguration section */
		73450E871ABF2926005927F1 /* Debug */ = {
			isa = XCBuildConfiguration;
			buildSettings = {
				CODE_SIGN_ENTITLEMENTS = "GratuitousSwift Watch WatchKit Extension/GratuityL WatchKit Extension.entitlements";
				CODE_SIGN_IDENTITY = "iPhone Developer";
				"CODE_SIGN_IDENTITY[sdk=iphoneos*]" = "iPhone Developer";
				FRAMEWORK_SEARCH_PATHS = (
					"$(inherited)",
					"$(PROJECT_DIR)",
				);
				GCC_PREPROCESSOR_DEFINITIONS = (
					"DEBUG=1",
					"$(inherited)",
				);
				INFOPLIST_FILE = "$(SRCROOT)/GratuitousSwift Watch WatchKit Extension/GratuityLocalWatchExtensionInfo.plist";
				IPHONEOS_DEPLOYMENT_TARGET = 8.2;
				LD_RUNPATH_SEARCH_PATHS = "$(inherited) @executable_path/Frameworks @executable_path/../../Frameworks";
				PRODUCT_MODULE_NAME = Gratuity_WatchKit_Extension;
				PRODUCT_NAME = "${TARGET_NAME}";
				PROVISIONING_PROFILE = "";
				SKIP_INSTALL = YES;
			};
			name = Debug;
		};
		73450E881ABF2926005927F1 /* Release */ = {
			isa = XCBuildConfiguration;
			buildSettings = {
				CODE_SIGN_ENTITLEMENTS = "GratuitousSwift Watch WatchKit Extension/GratuityL WatchKit Extension.entitlements";
				CODE_SIGN_IDENTITY = "iPhone Developer";
				"CODE_SIGN_IDENTITY[sdk=iphoneos*]" = "iPhone Developer";
				COPY_PHASE_STRIP = NO;
				FRAMEWORK_SEARCH_PATHS = (
					"$(inherited)",
					"$(PROJECT_DIR)",
				);
				INFOPLIST_FILE = "$(SRCROOT)/GratuitousSwift Watch WatchKit Extension/GratuityLocalWatchExtensionInfo.plist";
				IPHONEOS_DEPLOYMENT_TARGET = 8.2;
				LD_RUNPATH_SEARCH_PATHS = "$(inherited) @executable_path/Frameworks @executable_path/../../Frameworks";
				PRODUCT_MODULE_NAME = Gratuity_WatchKit_Extension;
				PRODUCT_NAME = "${TARGET_NAME}";
				PROVISIONING_PROFILE = "";
				SKIP_INSTALL = YES;
			};
			name = Release;
		};
		73450E891ABF2926005927F1 /* Debug */ = {
			isa = XCBuildConfiguration;
			buildSettings = {
				ASSETCATALOG_COMPILER_APPICON_NAME = AppIcon;
				CODE_SIGN_IDENTITY = "iPhone Developer";
				GCC_PREPROCESSOR_DEFINITIONS = (
					"DEBUG=1",
					"$(inherited)",
				);
				IBSC_MODULE = GratuityL_WatchKit_Extension;
				INFOPLIST_FILE = "$(SRCROOT)/GratuitousSwift Watch Watch App/GratuityLocalWatchExtensionAppInfo.plist";
				IPHONEOS_DEPLOYMENT_TARGET = 8.2;
				PRODUCT_NAME = "$(TARGET_NAME)";
				SKIP_INSTALL = YES;
				TARGETED_DEVICE_FAMILY = 4;
				"TARGETED_DEVICE_FAMILY[sdk=iphonesimulator*]" = "1,4";
			};
			name = Debug;
		};
		73450E8A1ABF2926005927F1 /* Release */ = {
			isa = XCBuildConfiguration;
			buildSettings = {
				ASSETCATALOG_COMPILER_APPICON_NAME = AppIcon;
				CODE_SIGN_IDENTITY = "iPhone Developer";
				COPY_PHASE_STRIP = NO;
				IBSC_MODULE = GratuityL_WatchKit_Extension;
				INFOPLIST_FILE = "$(SRCROOT)/GratuitousSwift Watch Watch App/GratuityLocalWatchExtensionAppInfo.plist";
				IPHONEOS_DEPLOYMENT_TARGET = 8.2;
				PRODUCT_NAME = "$(TARGET_NAME)";
				SKIP_INSTALL = YES;
				TARGETED_DEVICE_FAMILY = 4;
				"TARGETED_DEVICE_FAMILY[sdk=iphonesimulator*]" = "1,4";
			};
			name = Release;
		};
		736568F61A26DD1400603602 /* Debug */ = {
			isa = XCBuildConfiguration;
			buildSettings = {
				ASSETCATALOG_COMPILER_APPICON_NAME = AppIcon;
				CLANG_ENABLE_MODULES = YES;
				CODE_SIGN_ENTITLEMENTS = "Gratuityλδ.entitlements";
				CODE_SIGN_IDENTITY = "iPhone Developer";
				"CODE_SIGN_IDENTITY[sdk=iphoneos*]" = "iPhone Developer";
				EMBEDDED_CONTENT_CONTAINS_SWIFT = YES;
				FRAMEWORK_SEARCH_PATHS = (
					"$(inherited)",
					"$(PROJECT_DIR)",
				);
				INFOPLIST_FILE = "GratuitousSwift copy-Info.plist";
				LD_RUNPATH_SEARCH_PATHS = "$(inherited) @executable_path/Frameworks";
				OTHER_SWIFT_FLAGS = "";
				"OTHER_SWIFT_FLAGS[arch=*]" = "-D DEBUG";
				PRODUCT_NAME = GratuityLD;
				PROVISIONING_PROFILE = "";
				SWIFT_OBJC_BRIDGING_HEADER = "GratuitousSwift/GratuitousSwift-Bridging-Header.h";
				SWIFT_OPTIMIZATION_LEVEL = "-Onone";
			};
			name = Debug;
		};
		736568F71A26DD1400603602 /* Release */ = {
			isa = XCBuildConfiguration;
			buildSettings = {
				ASSETCATALOG_COMPILER_APPICON_NAME = AppIcon;
				CLANG_ENABLE_MODULES = YES;
				CODE_SIGN_ENTITLEMENTS = "Gratuityλδ.entitlements";
				CODE_SIGN_IDENTITY = "iPhone Developer";
				"CODE_SIGN_IDENTITY[sdk=iphoneos*]" = "iPhone Developer";
				EMBEDDED_CONTENT_CONTAINS_SWIFT = YES;
				FRAMEWORK_SEARCH_PATHS = (
					"$(inherited)",
					"$(PROJECT_DIR)",
				);
				INFOPLIST_FILE = "GratuitousSwift copy-Info.plist";
				LD_RUNPATH_SEARCH_PATHS = "$(inherited) @executable_path/Frameworks";
				PRODUCT_NAME = GratuityL;
				PROVISIONING_PROFILE = "";
				SWIFT_OBJC_BRIDGING_HEADER = "GratuitousSwift/GratuitousSwift-Bridging-Header.h";
			};
			name = Release;
		};
		7382511E19E60EED00CD2B28 /* Debug */ = {
			isa = XCBuildConfiguration;
			buildSettings = {
				ALWAYS_SEARCH_USER_PATHS = NO;
				CLANG_CXX_LANGUAGE_STANDARD = "gnu++0x";
				CLANG_CXX_LIBRARY = "libc++";
				CLANG_ENABLE_MODULES = YES;
				CLANG_ENABLE_OBJC_ARC = YES;
				CLANG_WARN_BOOL_CONVERSION = YES;
				CLANG_WARN_CONSTANT_CONVERSION = YES;
				CLANG_WARN_DIRECT_OBJC_ISA_USAGE = YES_ERROR;
				CLANG_WARN_EMPTY_BODY = YES;
				CLANG_WARN_ENUM_CONVERSION = YES;
				CLANG_WARN_INT_CONVERSION = YES;
				CLANG_WARN_OBJC_ROOT_CLASS = YES_ERROR;
				CLANG_WARN_UNREACHABLE_CODE = YES;
				CLANG_WARN__DUPLICATE_METHOD_MATCH = YES;
				"CODE_SIGN_IDENTITY[sdk=iphoneos*]" = "iPhone Developer";
				COPY_PHASE_STRIP = NO;
				ENABLE_STRICT_OBJC_MSGSEND = YES;
				GCC_C_LANGUAGE_STANDARD = gnu99;
				GCC_DYNAMIC_NO_PIC = NO;
				GCC_OPTIMIZATION_LEVEL = 0;
				GCC_PREPROCESSOR_DEFINITIONS = (
					"DEBUG=1",
					"$(inherited)",
				);
				GCC_SYMBOLS_PRIVATE_EXTERN = NO;
				GCC_WARN_64_TO_32_BIT_CONVERSION = YES;
				GCC_WARN_ABOUT_RETURN_TYPE = YES_ERROR;
				GCC_WARN_UNDECLARED_SELECTOR = YES;
				GCC_WARN_UNINITIALIZED_AUTOS = YES_AGGRESSIVE;
				GCC_WARN_UNUSED_FUNCTION = YES;
				GCC_WARN_UNUSED_VARIABLE = YES;
				IPHONEOS_DEPLOYMENT_TARGET = 8.0;
				MTL_ENABLE_DEBUG_INFO = YES;
				ONLY_ACTIVE_ARCH = YES;
				SDKROOT = iphoneos;
				SWIFT_OPTIMIZATION_LEVEL = "-Onone";
				TARGETED_DEVICE_FAMILY = "1,2";
			};
			name = Debug;
		};
		7382511F19E60EED00CD2B28 /* Release */ = {
			isa = XCBuildConfiguration;
			buildSettings = {
				ALWAYS_SEARCH_USER_PATHS = NO;
				CLANG_CXX_LANGUAGE_STANDARD = "gnu++0x";
				CLANG_CXX_LIBRARY = "libc++";
				CLANG_ENABLE_MODULES = YES;
				CLANG_ENABLE_OBJC_ARC = YES;
				CLANG_WARN_BOOL_CONVERSION = YES;
				CLANG_WARN_CONSTANT_CONVERSION = YES;
				CLANG_WARN_DIRECT_OBJC_ISA_USAGE = YES_ERROR;
				CLANG_WARN_EMPTY_BODY = YES;
				CLANG_WARN_ENUM_CONVERSION = YES;
				CLANG_WARN_INT_CONVERSION = YES;
				CLANG_WARN_OBJC_ROOT_CLASS = YES_ERROR;
				CLANG_WARN_UNREACHABLE_CODE = YES;
				CLANG_WARN__DUPLICATE_METHOD_MATCH = YES;
				"CODE_SIGN_IDENTITY[sdk=iphoneos*]" = "iPhone Developer";
				COPY_PHASE_STRIP = YES;
				ENABLE_NS_ASSERTIONS = NO;
				ENABLE_STRICT_OBJC_MSGSEND = YES;
				GCC_C_LANGUAGE_STANDARD = gnu99;
				GCC_WARN_64_TO_32_BIT_CONVERSION = YES;
				GCC_WARN_ABOUT_RETURN_TYPE = YES_ERROR;
				GCC_WARN_UNDECLARED_SELECTOR = YES;
				GCC_WARN_UNINITIALIZED_AUTOS = YES_AGGRESSIVE;
				GCC_WARN_UNUSED_FUNCTION = YES;
				GCC_WARN_UNUSED_VARIABLE = YES;
				IPHONEOS_DEPLOYMENT_TARGET = 8.0;
				MTL_ENABLE_DEBUG_INFO = NO;
				SDKROOT = iphoneos;
				TARGETED_DEVICE_FAMILY = "1,2";
				VALIDATE_PRODUCT = YES;
			};
			name = Release;
		};
		7382512119E60EED00CD2B28 /* Debug */ = {
			isa = XCBuildConfiguration;
			buildSettings = {
				ASSETCATALOG_COMPILER_APPICON_NAME = AppIcon;
				CLANG_ENABLE_MODULES = YES;
				CODE_SIGN_ENTITLEMENTS = "Gratuityδ.entitlements";
				CODE_SIGN_IDENTITY = "iPhone Developer";
				"CODE_SIGN_IDENTITY[sdk=iphoneos*]" = "iPhone Developer";
				FRAMEWORK_SEARCH_PATHS = (
					"$(inherited)",
					"$(PROJECT_DIR)",
				);
				INFOPLIST_FILE = GratuitousSwift/Info.plist;
				LD_RUNPATH_SEARCH_PATHS = "$(inherited) @executable_path/Frameworks";
				OTHER_SWIFT_FLAGS = "";
				PRODUCT_NAME = GratuitySD;
				PROVISIONING_PROFILE = "";
				SWIFT_OBJC_BRIDGING_HEADER = "GratuitousSwift/GratuitousSwift-Bridging-Header.h";
				SWIFT_OPTIMIZATION_LEVEL = "-Onone";
			};
			name = Debug;
		};
		7382512219E60EED00CD2B28 /* Release */ = {
			isa = XCBuildConfiguration;
			buildSettings = {
				ASSETCATALOG_COMPILER_APPICON_NAME = AppIcon;
				CLANG_ENABLE_MODULES = YES;
				CODE_SIGN_ENTITLEMENTS = "Gratuityδ.entitlements";
				CODE_SIGN_IDENTITY = "iPhone Developer";
				"CODE_SIGN_IDENTITY[sdk=iphoneos*]" = "iPhone Developer";
				FRAMEWORK_SEARCH_PATHS = (
					"$(inherited)",
					"$(PROJECT_DIR)",
				);
				INFOPLIST_FILE = GratuitousSwift/Info.plist;
				LD_RUNPATH_SEARCH_PATHS = "$(inherited) @executable_path/Frameworks";
				PRODUCT_NAME = Gratuity;
				PROVISIONING_PROFILE = "";
				SWIFT_OBJC_BRIDGING_HEADER = "GratuitousSwift/GratuitousSwift-Bridging-Header.h";
			};
			name = Release;
		};
/* End XCBuildConfiguration section */

/* Begin XCConfigurationList section */
		73450E8B1ABF2926005927F1 /* Build configuration list for PBXNativeTarget "GratuityL WatchKit App" */ = {
			isa = XCConfigurationList;
			buildConfigurations = (
				73450E891ABF2926005927F1 /* Debug */,
				73450E8A1ABF2926005927F1 /* Release */,
			);
			defaultConfigurationIsVisible = 0;
			defaultConfigurationName = Release;
		};
		73450E8C1ABF2926005927F1 /* Build configuration list for PBXNativeTarget "GratuityL WatchKit Extension" */ = {
			isa = XCConfigurationList;
			buildConfigurations = (
				73450E871ABF2926005927F1 /* Debug */,
				73450E881ABF2926005927F1 /* Release */,
			);
			defaultConfigurationIsVisible = 0;
			defaultConfigurationName = Release;
		};
		736568F51A26DD1400603602 /* Build configuration list for PBXNativeTarget "GratuitousSwift Local" */ = {
			isa = XCConfigurationList;
			buildConfigurations = (
				736568F61A26DD1400603602 /* Debug */,
				736568F71A26DD1400603602 /* Release */,
			);
			defaultConfigurationIsVisible = 0;
			defaultConfigurationName = Release;
		};
		738250FC19E60EED00CD2B28 /* Build configuration list for PBXProject "GratuitousSwift" */ = {
			isa = XCConfigurationList;
			buildConfigurations = (
				7382511E19E60EED00CD2B28 /* Debug */,
				7382511F19E60EED00CD2B28 /* Release */,
			);
			defaultConfigurationIsVisible = 0;
			defaultConfigurationName = Release;
		};
		7382512019E60EED00CD2B28 /* Build configuration list for PBXNativeTarget "GratuitousSwift Store" */ = {
			isa = XCConfigurationList;
			buildConfigurations = (
				7382512119E60EED00CD2B28 /* Debug */,
				7382512219E60EED00CD2B28 /* Release */,
			);
			defaultConfigurationIsVisible = 0;
			defaultConfigurationName = Release;
		};
/* End XCConfigurationList section */
	};
	rootObject = 738250F919E60EED00CD2B28 /* Project object */;
}
