// !$*UTF8*$!
{
	archiveVersion = 1;
	classes = {
	};
	objectVersion = 46;
	objects = {

/* Begin PBXBuildFile section */
		1042DD9DC4E2CCC9155EA729 /* Pods_Gratuity.framework in Frameworks */ = {isa = PBXBuildFile; fileRef = 3770A3E29597CE25FE9233F2 /* Pods_Gratuity.framework */; settings = {ATTRIBUTES = (Weak, ); }; };
		73048CF41BBCEBC400D8EAA6 /* JSBPurchaseManager.swift in Sources */ = {isa = PBXBuildFile; fileRef = 73048CF31BBCEBC300D8EAA6 /* JSBPurchaseManager.swift */; settings = {ASSET_TAGS = (); }; };
		732CFE6A1BC9F3000096AB06 /* GratuitousiOSLocalizedStrings.swift in Sources */ = {isa = PBXBuildFile; fileRef = 732CFE691BC9F3000096AB06 /* GratuitousiOSLocalizedStrings.swift */; settings = {ASSET_TAGS = (); }; };
		733D02BA1BBA4CE600E40EC5 /* GratuitousAppDelegate.swift in Sources */ = {isa = PBXBuildFile; fileRef = 7382510619E60EED00CD2B28 /* GratuitousAppDelegate.swift */; settings = {ASSET_TAGS = (); }; };
		733D02BB1BBA4CFA00E40EC5 /* GratuitousSwift.storyboard in Resources */ = {isa = PBXBuildFile; fileRef = 734171AE19E77BEF00405C7B /* GratuitousSwift.storyboard */; settings = {ASSET_TAGS = (); }; };
		733D02BC1BBA4D0000E40EC5 /* TipViewController.swift in Sources */ = {isa = PBXBuildFile; fileRef = 7382512619E60F3900CD2B28 /* TipViewController.swift */; settings = {ASSET_TAGS = (); }; };
		733D02BD1BBA4D0900E40EC5 /* GratuitousTableViewCell.swift in Sources */ = {isa = PBXBuildFile; fileRef = 7382512A19E6473A00CD2B28 /* GratuitousTableViewCell.swift */; settings = {ASSET_TAGS = (); }; };
		733D02BE1BBA4D0900E40EC5 /* GratuitousTableViewCell.xib in Resources */ = {isa = PBXBuildFile; fileRef = 7382512B19E6473A00CD2B28 /* GratuitousTableViewCell.xib */; settings = {ASSET_TAGS = (); }; };
		733D02BF1BBA4D0900E40EC5 /* GratuitousGradientView.swift in Sources */ = {isa = PBXBuildFile; fileRef = 736937BD19EF84AA003EEC68 /* GratuitousGradientView.swift */; settings = {ASSET_TAGS = (); }; };
		733D02C01BBA4D1300E40EC5 /* SettingsTableViewController.swift in Sources */ = {isa = PBXBuildFile; fileRef = 73B9BFF019FC629100700608 /* SettingsTableViewController.swift */; settings = {ASSET_TAGS = (); }; };
		733D02C11BBA4D1300E40EC5 /* GratuitousCurrencySelectorCellTableViewCell.swift in Sources */ = {isa = PBXBuildFile; fileRef = 73D653451A071DAF005D1968 /* GratuitousCurrencySelectorCellTableViewCell.swift */; settings = {ASSET_TAGS = (); }; };
		733D02C21BBA4D1300E40EC5 /* GratuitousRoundedHeaderTableView.swift in Sources */ = {isa = PBXBuildFile; fileRef = 73BE874D1BAF679C00994DE8 /* GratuitousRoundedHeaderTableView.swift */; settings = {ASSET_TAGS = (); }; };
		733D02C31BBA4D1300E40EC5 /* GratuitousSettingsButtons.swift in Sources */ = {isa = PBXBuildFile; fileRef = 73D403A11A0C7D36007247E0 /* GratuitousSettingsButtons.swift */; settings = {ASSET_TAGS = (); }; };
		733D02C41BBA4D1900E40EC5 /* SmallModalViewController.swift in Sources */ = {isa = PBXBuildFile; fileRef = 732615E61BA9237C0081598F /* SmallModalViewController.swift */; settings = {ASSET_TAGS = (); }; };
		733D02C51BBA4D1900E40EC5 /* SmallModalTableViewController.swift in Sources */ = {isa = PBXBuildFile; fileRef = 73EB5C721BABCA14000F4A99 /* SmallModalTableViewController.swift */; settings = {ASSET_TAGS = (); }; };
		733D02C61BBA4D1900E40EC5 /* SmallModalScrollViewController.swift in Sources */ = {isa = PBXBuildFile; fileRef = 73EB5C751BABCD35000F4A99 /* SmallModalScrollViewController.swift */; settings = {ASSET_TAGS = (); }; };
		733D02C71BBA4D1F00E40EC5 /* SplitBillViewController.swift in Sources */ = {isa = PBXBuildFile; fileRef = 732615EA1BA9289F0081598F /* SplitBillViewController.swift */; settings = {ASSET_TAGS = (); }; };
		733D02C81BBA4D1F00E40EC5 /* SplitBillTableViewCell.swift in Sources */ = {isa = PBXBuildFile; fileRef = 73BF48531BAA4CAF007CAD8E /* SplitBillTableViewCell.swift */; settings = {ASSET_TAGS = (); }; };
		733D02C91BBA4D1F00E40EC5 /* PurchaseSplitBillViewController.swift in Sources */ = {isa = PBXBuildFile; fileRef = 7371F6D21BB5065B00048EC2 /* PurchaseSplitBillViewController.swift */; settings = {ASSET_TAGS = (); }; };
		733D02CA1BBA4D1F00E40EC5 /* WatchInfoViewController.swift in Sources */ = {isa = PBXBuildFile; fileRef = 73011BE61AD05AFA001F6D71 /* WatchInfoViewController.swift */; settings = {ASSET_TAGS = (); }; };
		733D02CB1BBA4D1F00E40EC5 /* gratuityInfoDemoVideo@2x.mov in Resources */ = {isa = PBXBuildFile; fileRef = 73011BEB1AD0C3C2001F6D71 /* gratuityInfoDemoVideo@2x.mov */; settings = {ASSET_TAGS = (); }; };
		733D02CC1BBA4D2800E40EC5 /* GratuitousRightPresentationController.swift in Sources */ = {isa = PBXBuildFile; fileRef = 73EDC4BC1A1807AA006AA72D /* GratuitousRightPresentationController.swift */; settings = {ASSET_TAGS = (); }; };
		733D02CD1BBA4D2800E40EC5 /* GratuitousPresentationController.swift in Sources */ = {isa = PBXBuildFile; fileRef = 73D86F6A1BAF2CA000B098FE /* GratuitousPresentationController.swift */; settings = {ASSET_TAGS = (); }; };
		733D02CE1BBA4D2800E40EC5 /* GratuitousAnimatedTransitioning.swift in Sources */ = {isa = PBXBuildFile; fileRef = 73621A951BAE563C00593FE4 /* GratuitousAnimatedTransitioning.swift */; settings = {ASSET_TAGS = (); }; };
		733D02CF1BBA4D2800E40EC5 /* GratuitousTransitioningDelegate.swift in Sources */ = {isa = PBXBuildFile; fileRef = 73EDC4C01A181726006AA72D /* GratuitousTransitioningDelegate.swift */; settings = {ASSET_TAGS = (); }; };
		733D02D01BBA4D2800E40EC5 /* GratuitousUIConstant.swift in Sources */ = {isa = PBXBuildFile; fileRef = 737233DC19E8B9B70072EDB4 /* GratuitousUIConstant.swift */; settings = {ASSET_TAGS = (); }; };
		733D02D11BBA4D2800E40EC5 /* GratuitousUIColor.swift in Sources */ = {isa = PBXBuildFile; fileRef = 734A7C591AA8347C008823B6 /* GratuitousUIColor.swift */; settings = {ASSET_TAGS = (); }; };
		733D02D21BBA4D2800E40EC5 /* GratuitousiOSConnectivityManager.swift in Sources */ = {isa = PBXBuildFile; fileRef = 738484D71B993B750044C14C /* GratuitousiOSConnectivityManager.swift */; settings = {ASSET_TAGS = (); }; };
		733D02D31BBA4D2800E40EC5 /* GratuitousSwiftiOSDataSource.swift in Sources */ = {isa = PBXBuildFile; fileRef = 731633101B9A0DE80006AE7B /* GratuitousSwiftiOSDataSource.swift */; settings = {ASSET_TAGS = (); }; };
		733D02D41BBA4D2800E40EC5 /* GratuitousPurchaseManager.swift in Sources */ = {isa = PBXBuildFile; fileRef = 7371F6CE1BB4F9BA00048EC2 /* GratuitousPurchaseManager.swift */; settings = {ASSET_TAGS = (); }; };
		733D02D51BBA4D2800E40EC5 /* GratuitousCurrencyStringImageGenerator.swift in Sources */ = {isa = PBXBuildFile; fileRef = 7399D9BD1B9689260005D172 /* GratuitousCurrencyStringImageGenerator.swift */; settings = {ASSET_TAGS = (); }; };
		733D02D61BBA4D2800E40EC5 /* GratuitousLabelImageGenerator.swift in Sources */ = {isa = PBXBuildFile; fileRef = 7376F8DD1B8EC5CD009CAB74 /* GratuitousLabelImageGenerator.swift */; settings = {ASSET_TAGS = (); }; };
		733D02D71BBA4D2D00E40EC5 /* Images.xcassets in Resources */ = {isa = PBXBuildFile; fileRef = 7382510D19E60EED00CD2B28 /* Images.xcassets */; settings = {ASSET_TAGS = (); }; };
		733D02D81BBA4D4000E40EC5 /* settingsIcon.pdf in Resources */ = {isa = PBXBuildFile; fileRef = 737E5DE61A1AFD1C00F0A8C7 /* settingsIcon.pdf */; settings = {ASSET_TAGS = (); }; };
		733D02D91BBA4D4700E40EC5 /* LaunchScreen.xib in Resources */ = {isa = PBXBuildFile; fileRef = 7382510F19E60EED00CD2B28 /* LaunchScreen.xib */; settings = {ASSET_TAGS = (); }; };
		733D02DD1BBA4D6D00E40EC5 /* UIImage+PDFUtility.m in Sources */ = {isa = PBXBuildFile; fileRef = 73556E641A19711F0079A37D /* UIImage+PDFUtility.m */; settings = {ASSET_TAGS = (); }; };
		733D02DF1BBA4D8600E40EC5 /* GratuitousPropertyListPreferences.swift in Sources */ = {isa = PBXBuildFile; fileRef = 73E9B9871B92CC200058DC94 /* GratuitousPropertyListPreferences.swift */; settings = {ASSET_TAGS = (); }; };
		733D02E01BBA4D8600E40EC5 /* GratuitousEnums.swift in Sources */ = {isa = PBXBuildFile; fileRef = 73E35AF11A0D33DA009A2F97 /* GratuitousEnums.swift */; settings = {ASSET_TAGS = (); }; };
		733D02E41BBA505600E40EC5 /* StoreKit.framework in Frameworks */ = {isa = PBXBuildFile; fileRef = 7371F6CB1BB4ED2600048EC2 /* StoreKit.framework */; };
		73A87ACE1BC1C2AC006802F7 /* GratuitousErrors.swift in Sources */ = {isa = PBXBuildFile; fileRef = 73A87ACD1BC1C2AC006802F7 /* GratuitousErrors.swift */; settings = {ASSET_TAGS = (); }; };
		73AEA6C71BBB05EB004B16DE /* GratuityWatch Extension.appex in Embed App Extensions */ = {isa = PBXBuildFile; fileRef = 73AEA6C61BBB05EB004B16DE /* GratuityWatch Extension.appex */; settings = {ATTRIBUTES = (RemoveHeadersOnCopy, ); }; };
		73AEA6D41BBB05EB004B16DE /* GratuityWatch.app in Embed Watch Content */ = {isa = PBXBuildFile; fileRef = 73AEA6BA1BBB05EB004B16DE /* GratuityWatch.app */; };
		73AEA6DF1BBB06D0004B16DE /* PickerInterfaceController.swift in Sources */ = {isa = PBXBuildFile; fileRef = 73FB7E8F1B8A4B38001A47FC /* PickerInterfaceController.swift */; settings = {ASSET_TAGS = (); }; };
		73AEA6E01BBB06D0004B16DE /* SplitTotalInterfaceController.swift in Sources */ = {isa = PBXBuildFile; fileRef = 73A0B5671A8FC56A00D17943 /* SplitTotalInterfaceController.swift */; settings = {ASSET_TAGS = (); }; };
		73AEA6E11BBB06D0004B16DE /* SettingsInterfaceController.swift in Sources */ = {isa = PBXBuildFile; fileRef = 7376F0151AB55AF2002AD1DB /* SettingsInterfaceController.swift */; settings = {ASSET_TAGS = (); }; };
		73AEA6E21BBB06D0004B16DE /* GratuitousWatchDataSource.swift in Sources */ = {isa = PBXBuildFile; fileRef = 73A18D7F1A2A9661002180DD /* GratuitousWatchDataSource.swift */; settings = {ASSET_TAGS = (); }; };
		73AEA6E31BBB06D0004B16DE /* GratuitousWatchConnectivityManager.swift in Sources */ = {isa = PBXBuildFile; fileRef = 73CA9AE61B90BD28005344FB /* GratuitousWatchConnectivityManager.swift */; settings = {ASSET_TAGS = (); }; };
		73AEA6E41BBB06D0004B16DE /* fallbackPickerImages.data in Resources */ = {isa = PBXBuildFile; fileRef = 738484D41B992E1B0044C14C /* fallbackPickerImages.data */; settings = {ASSET_TAGS = (); }; };
		73AEA6E51BBB06D0004B16DE /* Images.xcassets in Resources */ = {isa = PBXBuildFile; fileRef = 73D46AFD1AC7C9B400057185 /* Images.xcassets */; settings = {ASSET_TAGS = (); }; };
		73AEA6E61BBB06D5004B16DE /* en.lproj in Resources */ = {isa = PBXBuildFile; fileRef = 73011BDF1AD04F90001F6D71 /* en.lproj */; settings = {ASSET_TAGS = (); }; };
		73AEA6E71BBB06DA004B16DE /* Interface.storyboard in Resources */ = {isa = PBXBuildFile; fileRef = 73A18D711A2A9525002180DD /* Interface.storyboard */; settings = {ASSET_TAGS = (); }; };
		73AEA6E81BBB06DE004B16DE /* Images.xcassets in Resources */ = {isa = PBXBuildFile; fileRef = 73A18D731A2A9525002180DD /* Images.xcassets */; settings = {ASSET_TAGS = (); }; };
		73AEA6EB1BBB06EE004B16DE /* GratuitousPropertyListPreferences.swift in Sources */ = {isa = PBXBuildFile; fileRef = 73E9B9871B92CC200058DC94 /* GratuitousPropertyListPreferences.swift */; settings = {ASSET_TAGS = (); }; };
		73AEA6EC1BBB06EE004B16DE /* GratuitousEnums.swift in Sources */ = {isa = PBXBuildFile; fileRef = 73E35AF11A0D33DA009A2F97 /* GratuitousEnums.swift */; settings = {ASSET_TAGS = (); }; };
		73AEA6ED1BBB0732004B16DE /* GratuitousUIColor.swift in Sources */ = {isa = PBXBuildFile; fileRef = 734A7C591AA8347C008823B6 /* GratuitousUIColor.swift */; settings = {ASSET_TAGS = (); }; };
		73AEA6F01BBB0877004B16DE /* Fuuutuuura-Meeediuuum.ttf in Resources */ = {isa = PBXBuildFile; fileRef = 7320A5421ACDA6AE001C10B0 /* Fuuutuuura-Meeediuuum.ttf */; settings = {ASSET_TAGS = (); }; };
		73AEA6F11BBB087A004B16DE /* Fuuutuuura-Meeediuuum.ttf in Resources */ = {isa = PBXBuildFile; fileRef = 7320A5421ACDA6AE001C10B0 /* Fuuutuuura-Meeediuuum.ttf */; settings = {ASSET_TAGS = (); }; };
		73FF9E9F1BBE497A00F9278C /* RMStoreAppReceiptVerifier.m in Sources */ = {isa = PBXBuildFile; fileRef = 73FF9E9E1BBE497A00F9278C /* RMStoreAppReceiptVerifier.m */; settings = {ASSET_TAGS = (); }; };
		73FF9EA21BBE4BE400F9278C /* RMAppReceipt.m in Sources */ = {isa = PBXBuildFile; fileRef = 73FF9EA11BBE4BE400F9278C /* RMAppReceipt.m */; settings = {ASSET_TAGS = (); }; };
		73FF9EA51BBE4ED000F9278C /* RMStore.m in Sources */ = {isa = PBXBuildFile; fileRef = 73FF9EA41BBE4ED000F9278C /* RMStore.m */; settings = {ASSET_TAGS = (); }; };
/* End PBXBuildFile section */

/* Begin PBXContainerItemProxy section */
		73AEA6C81BBB05EB004B16DE /* PBXContainerItemProxy */ = {
			isa = PBXContainerItemProxy;
			containerPortal = 738250F919E60EED00CD2B28 /* Project object */;
			proxyType = 1;
			remoteGlobalIDString = 73AEA6C51BBB05EB004B16DE;
			remoteInfo = "GratuityWatch Extension";
		};
		73AEA6D21BBB05EB004B16DE /* PBXContainerItemProxy */ = {
			isa = PBXContainerItemProxy;
			containerPortal = 738250F919E60EED00CD2B28 /* Project object */;
			proxyType = 1;
			remoteGlobalIDString = 73AEA6B91BBB05EB004B16DE;
			remoteInfo = GratuityWatch;
		};
/* End PBXContainerItemProxy section */

/* Begin PBXCopyFilesBuildPhase section */
		73AEA6DA1BBB05EC004B16DE /* Embed App Extensions */ = {
			isa = PBXCopyFilesBuildPhase;
			buildActionMask = 2147483647;
			dstPath = "";
			dstSubfolderSpec = 13;
			files = (
				73AEA6C71BBB05EB004B16DE /* GratuityWatch Extension.appex in Embed App Extensions */,
			);
			name = "Embed App Extensions";
			runOnlyForDeploymentPostprocessing = 0;
		};
		73AEA6DC1BBB05EC004B16DE /* Embed Watch Content */ = {
			isa = PBXCopyFilesBuildPhase;
			buildActionMask = 2147483647;
			dstPath = "$(CONTENTS_FOLDER_PATH)/Watch";
			dstSubfolderSpec = 16;
			files = (
				73AEA6D41BBB05EB004B16DE /* GratuityWatch.app in Embed Watch Content */,
			);
			name = "Embed Watch Content";
			runOnlyForDeploymentPostprocessing = 0;
		};
/* End PBXCopyFilesBuildPhase section */

/* Begin PBXFileReference section */
		3770A3E29597CE25FE9233F2 /* Pods_Gratuity.framework */ = {isa = PBXFileReference; explicitFileType = wrapper.framework; includeInIndex = 0; path = Pods_Gratuity.framework; sourceTree = BUILT_PRODUCTS_DIR; };
		5624F62AF87021893A8B73B9 /* Pods-Gratuity.release.xcconfig */ = {isa = PBXFileReference; includeInIndex = 1; lastKnownFileType = text.xcconfig; name = "Pods-Gratuity.release.xcconfig"; path = "Pods/Target Support Files/Pods-Gratuity/Pods-Gratuity.release.xcconfig"; sourceTree = "<group>"; };
		59B24410EC519253B452447B /* Pods-Gratuity.debug.xcconfig */ = {isa = PBXFileReference; includeInIndex = 1; lastKnownFileType = text.xcconfig; name = "Pods-Gratuity.debug.xcconfig"; path = "Pods/Target Support Files/Pods-Gratuity/Pods-Gratuity.debug.xcconfig"; sourceTree = "<group>"; };
		73011BDF1AD04F90001F6D71 /* en.lproj */ = {isa = PBXFileReference; lastKnownFileType = folder; path = en.lproj; sourceTree = "<group>"; };
		73011BE61AD05AFA001F6D71 /* WatchInfoViewController.swift */ = {isa = PBXFileReference; fileEncoding = 4; lastKnownFileType = sourcecode.swift; path = WatchInfoViewController.swift; sourceTree = "<group>"; };
		73011BEB1AD0C3C2001F6D71 /* gratuityInfoDemoVideo@2x.mov */ = {isa = PBXFileReference; lastKnownFileType = video.quicktime; path = "gratuityInfoDemoVideo@2x.mov"; sourceTree = "<group>"; };
		73048CF31BBCEBC300D8EAA6 /* JSBPurchaseManager.swift */ = {isa = PBXFileReference; fileEncoding = 4; lastKnownFileType = sourcecode.swift; path = JSBPurchaseManager.swift; sourceTree = "<group>"; };
		731633101B9A0DE80006AE7B /* GratuitousSwiftiOSDataSource.swift */ = {isa = PBXFileReference; fileEncoding = 4; lastKnownFileType = sourcecode.swift; path = GratuitousSwiftiOSDataSource.swift; sourceTree = "<group>"; };
		7320A5421ACDA6AE001C10B0 /* Fuuutuuura-Meeediuuum.ttf */ = {isa = PBXFileReference; lastKnownFileType = file; path = "Fuuutuuura-Meeediuuum.ttf"; sourceTree = "<group>"; };
		732615E61BA9237C0081598F /* SmallModalViewController.swift */ = {isa = PBXFileReference; fileEncoding = 4; lastKnownFileType = sourcecode.swift; path = SmallModalViewController.swift; sourceTree = "<group>"; };
		732615EA1BA9289F0081598F /* SplitBillViewController.swift */ = {isa = PBXFileReference; fileEncoding = 4; lastKnownFileType = sourcecode.swift; path = SplitBillViewController.swift; sourceTree = "<group>"; };
		732CFE691BC9F3000096AB06 /* GratuitousiOSLocalizedStrings.swift */ = {isa = PBXFileReference; fileEncoding = 4; lastKnownFileType = sourcecode.swift; path = GratuitousiOSLocalizedStrings.swift; sourceTree = "<group>"; };
		7334770E1A26E85000513F1F /* en */ = {isa = PBXFileReference; lastKnownFileType = text.plist.strings; name = en; path = Localizable.strings; sourceTree = "<group>"; };
		733D02A61BBA4C2D00E40EC5 /* Gratuity.app */ = {isa = PBXFileReference; explicitFileType = wrapper.application; includeInIndex = 0; path = Gratuity.app; sourceTree = BUILT_PRODUCTS_DIR; };
		733D02B81BBA4CAA00E40EC5 /* Gratuity-Info.plist */ = {isa = PBXFileReference; fileEncoding = 4; lastKnownFileType = text.plist.xml; path = "Gratuity-Info.plist"; sourceTree = "<group>"; };
		733D02E51BBA505E00E40EC5 /* Gratuity.entitlements */ = {isa = PBXFileReference; lastKnownFileType = text.xml; name = Gratuity.entitlements; path = ../Gratuity.entitlements; sourceTree = "<group>"; };
		734171AE19E77BEF00405C7B /* GratuitousSwift.storyboard */ = {isa = PBXFileReference; fileEncoding = 4; lastKnownFileType = file.storyboard; path = GratuitousSwift.storyboard; sourceTree = "<group>"; };
		734A7C591AA8347C008823B6 /* GratuitousUIColor.swift */ = {isa = PBXFileReference; fileEncoding = 4; lastKnownFileType = sourcecode.swift; name = GratuitousUIColor.swift; path = ../GratuitousSwift/GratuitousUIColor.swift; sourceTree = "<group>"; };
		73556E621A19711E0079A37D /* GratuitousSwift-Bridging-Header.h */ = {isa = PBXFileReference; lastKnownFileType = sourcecode.c.h; path = "GratuitousSwift-Bridging-Header.h"; sourceTree = "<group>"; };
		73556E631A19711F0079A37D /* UIImage+PDFUtility.h */ = {isa = PBXFileReference; fileEncoding = 4; lastKnownFileType = sourcecode.c.h; path = "UIImage+PDFUtility.h"; sourceTree = "<group>"; };
		73556E641A19711F0079A37D /* UIImage+PDFUtility.m */ = {isa = PBXFileReference; fileEncoding = 4; lastKnownFileType = sourcecode.c.objc; path = "UIImage+PDFUtility.m"; sourceTree = "<group>"; };
		73621A951BAE563C00593FE4 /* GratuitousAnimatedTransitioning.swift */ = {isa = PBXFileReference; fileEncoding = 4; lastKnownFileType = sourcecode.swift; path = GratuitousAnimatedTransitioning.swift; sourceTree = "<group>"; };
		736937BD19EF84AA003EEC68 /* GratuitousGradientView.swift */ = {isa = PBXFileReference; fileEncoding = 4; lastKnownFileType = sourcecode.swift; path = GratuitousGradientView.swift; sourceTree = "<group>"; };
		7371F6CB1BB4ED2600048EC2 /* StoreKit.framework */ = {isa = PBXFileReference; lastKnownFileType = wrapper.framework; name = StoreKit.framework; path = System/Library/Frameworks/StoreKit.framework; sourceTree = SDKROOT; };
		7371F6CE1BB4F9BA00048EC2 /* GratuitousPurchaseManager.swift */ = {isa = PBXFileReference; fileEncoding = 4; lastKnownFileType = sourcecode.swift; path = GratuitousPurchaseManager.swift; sourceTree = "<group>"; };
		7371F6D21BB5065B00048EC2 /* PurchaseSplitBillViewController.swift */ = {isa = PBXFileReference; fileEncoding = 4; lastKnownFileType = sourcecode.swift; path = PurchaseSplitBillViewController.swift; sourceTree = "<group>"; };
		737233DC19E8B9B70072EDB4 /* GratuitousUIConstant.swift */ = {isa = PBXFileReference; fileEncoding = 4; lastKnownFileType = sourcecode.swift; path = GratuitousUIConstant.swift; sourceTree = "<group>"; };
		7376F0151AB55AF2002AD1DB /* SettingsInterfaceController.swift */ = {isa = PBXFileReference; fileEncoding = 4; lastKnownFileType = sourcecode.swift; path = SettingsInterfaceController.swift; sourceTree = "<group>"; };
		7376F8DD1B8EC5CD009CAB74 /* GratuitousLabelImageGenerator.swift */ = {isa = PBXFileReference; fileEncoding = 4; lastKnownFileType = sourcecode.swift; path = GratuitousLabelImageGenerator.swift; sourceTree = "<group>"; };
		737E5DE61A1AFD1C00F0A8C7 /* settingsIcon.pdf */ = {isa = PBXFileReference; lastKnownFileType = image.pdf; path = settingsIcon.pdf; sourceTree = "<group>"; };
		7382510619E60EED00CD2B28 /* GratuitousAppDelegate.swift */ = {isa = PBXFileReference; lastKnownFileType = sourcecode.swift; path = GratuitousAppDelegate.swift; sourceTree = "<group>"; };
		7382510D19E60EED00CD2B28 /* Images.xcassets */ = {isa = PBXFileReference; lastKnownFileType = folder.assetcatalog; path = Images.xcassets; sourceTree = "<group>"; };
		7382511019E60EED00CD2B28 /* Base */ = {isa = PBXFileReference; lastKnownFileType = file.xib; name = Base; path = Base.lproj/LaunchScreen.xib; sourceTree = "<group>"; };
		7382512619E60F3900CD2B28 /* TipViewController.swift */ = {isa = PBXFileReference; fileEncoding = 4; lastKnownFileType = sourcecode.swift; path = TipViewController.swift; sourceTree = "<group>"; };
		7382512A19E6473A00CD2B28 /* GratuitousTableViewCell.swift */ = {isa = PBXFileReference; fileEncoding = 4; lastKnownFileType = sourcecode.swift; path = GratuitousTableViewCell.swift; sourceTree = "<group>"; };
		7382512B19E6473A00CD2B28 /* GratuitousTableViewCell.xib */ = {isa = PBXFileReference; fileEncoding = 4; lastKnownFileType = file.xib; path = GratuitousTableViewCell.xib; sourceTree = "<group>"; };
		738484D41B992E1B0044C14C /* fallbackPickerImages.data */ = {isa = PBXFileReference; lastKnownFileType = file.bplist; path = fallbackPickerImages.data; sourceTree = "<group>"; };
		738484D71B993B750044C14C /* GratuitousiOSConnectivityManager.swift */ = {isa = PBXFileReference; fileEncoding = 4; lastKnownFileType = sourcecode.swift; name = GratuitousiOSConnectivityManager.swift; path = GratuitousSwift/GratuitousiOSConnectivityManager.swift; sourceTree = SOURCE_ROOT; };
		7399D9BD1B9689260005D172 /* GratuitousCurrencyStringImageGenerator.swift */ = {isa = PBXFileReference; fileEncoding = 4; lastKnownFileType = sourcecode.swift; path = GratuitousCurrencyStringImageGenerator.swift; sourceTree = "<group>"; };
		73A0B5671A8FC56A00D17943 /* SplitTotalInterfaceController.swift */ = {isa = PBXFileReference; fileEncoding = 4; lastKnownFileType = sourcecode.swift; path = SplitTotalInterfaceController.swift; sourceTree = "<group>"; };
		73A18D5A1A2A9525002180DD /* WatchKit.framework */ = {isa = PBXFileReference; lastKnownFileType = wrapper.framework; name = WatchKit.framework; path = System/Library/Frameworks/WatchKit.framework; sourceTree = SDKROOT; };
		73A18D711A2A9525002180DD /* Interface.storyboard */ = {isa = PBXFileReference; lastKnownFileType = file.storyboard; path = Interface.storyboard; sourceTree = "<group>"; };
		73A18D731A2A9525002180DD /* Images.xcassets */ = {isa = PBXFileReference; lastKnownFileType = folder.assetcatalog; path = Images.xcassets; sourceTree = "<group>"; };
		73A18D7F1A2A9661002180DD /* GratuitousWatchDataSource.swift */ = {isa = PBXFileReference; fileEncoding = 4; lastKnownFileType = sourcecode.swift; path = GratuitousWatchDataSource.swift; sourceTree = "<group>"; };
		73A87ACD1BC1C2AC006802F7 /* GratuitousErrors.swift */ = {isa = PBXFileReference; fileEncoding = 4; lastKnownFileType = sourcecode.swift; path = GratuitousErrors.swift; sourceTree = "<group>"; };
		73AEA6BA1BBB05EB004B16DE /* GratuityWatch.app */ = {isa = PBXFileReference; explicitFileType = wrapper.application; includeInIndex = 0; path = GratuityWatch.app; sourceTree = BUILT_PRODUCTS_DIR; };
		73AEA6C61BBB05EB004B16DE /* GratuityWatch Extension.appex */ = {isa = PBXFileReference; explicitFileType = "wrapper.app-extension"; includeInIndex = 0; path = "GratuityWatch Extension.appex"; sourceTree = BUILT_PRODUCTS_DIR; };
		73AEA6DD1BBB06A0004B16DE /* Gratuity-Watch-Extension-Info.plist */ = {isa = PBXFileReference; lastKnownFileType = text.plist.xml; path = "Gratuity-Watch-Extension-Info.plist"; sourceTree = "<group>"; };
		73AEA6DE1BBB06AD004B16DE /* Gratuity-Watch-Info.plist */ = {isa = PBXFileReference; lastKnownFileType = text.plist.xml; path = "Gratuity-Watch-Info.plist"; sourceTree = "<group>"; };
		73AEA6EE1BBB07E5004B16DE /* GratuityWatch.entitlements */ = {isa = PBXFileReference; lastKnownFileType = text.xml; name = GratuityWatch.entitlements; path = ../GratuityWatch.entitlements; sourceTree = "<group>"; };
		73AEA6EF1BBB07F1004B16DE /* GratuityWatch Extension.entitlements */ = {isa = PBXFileReference; lastKnownFileType = text.xml; name = "GratuityWatch Extension.entitlements"; path = "../GratuityWatch Extension.entitlements"; sourceTree = "<group>"; };
		73B9BFF019FC629100700608 /* SettingsTableViewController.swift */ = {isa = PBXFileReference; fileEncoding = 4; lastKnownFileType = sourcecode.swift; path = SettingsTableViewController.swift; sourceTree = "<group>"; };
		73BE874D1BAF679C00994DE8 /* GratuitousRoundedHeaderTableView.swift */ = {isa = PBXFileReference; fileEncoding = 4; lastKnownFileType = sourcecode.swift; path = GratuitousRoundedHeaderTableView.swift; sourceTree = "<group>"; };
		73BF48531BAA4CAF007CAD8E /* SplitBillTableViewCell.swift */ = {isa = PBXFileReference; fileEncoding = 4; lastKnownFileType = sourcecode.swift; path = SplitBillTableViewCell.swift; sourceTree = "<group>"; };
		73CA9AE61B90BD28005344FB /* GratuitousWatchConnectivityManager.swift */ = {isa = PBXFileReference; fileEncoding = 4; lastKnownFileType = sourcecode.swift; path = GratuitousWatchConnectivityManager.swift; sourceTree = "<group>"; };
		73D403A11A0C7D36007247E0 /* GratuitousSettingsButtons.swift */ = {isa = PBXFileReference; fileEncoding = 4; lastKnownFileType = sourcecode.swift; path = GratuitousSettingsButtons.swift; sourceTree = "<group>"; };
		73D46AFD1AC7C9B400057185 /* Images.xcassets */ = {isa = PBXFileReference; lastKnownFileType = folder.assetcatalog; path = Images.xcassets; sourceTree = "<group>"; };
		73D653451A071DAF005D1968 /* GratuitousCurrencySelectorCellTableViewCell.swift */ = {isa = PBXFileReference; fileEncoding = 4; lastKnownFileType = sourcecode.swift; path = GratuitousCurrencySelectorCellTableViewCell.swift; sourceTree = "<group>"; };
		73D86F6A1BAF2CA000B098FE /* GratuitousPresentationController.swift */ = {isa = PBXFileReference; fileEncoding = 4; lastKnownFileType = sourcecode.swift; path = GratuitousPresentationController.swift; sourceTree = "<group>"; };
		73E35AF11A0D33DA009A2F97 /* GratuitousEnums.swift */ = {isa = PBXFileReference; fileEncoding = 4; lastKnownFileType = sourcecode.swift; name = GratuitousEnums.swift; path = ../GratuitousSwift/GratuitousEnums.swift; sourceTree = "<group>"; };
		73E9B9871B92CC200058DC94 /* GratuitousPropertyListPreferences.swift */ = {isa = PBXFileReference; fileEncoding = 4; lastKnownFileType = sourcecode.swift; name = GratuitousPropertyListPreferences.swift; path = ../GratuitousSwift/GratuitousPropertyListPreferences.swift; sourceTree = "<group>"; };
		73EB5C721BABCA14000F4A99 /* SmallModalTableViewController.swift */ = {isa = PBXFileReference; fileEncoding = 4; lastKnownFileType = sourcecode.swift; path = SmallModalTableViewController.swift; sourceTree = "<group>"; };
		73EB5C751BABCD35000F4A99 /* SmallModalScrollViewController.swift */ = {isa = PBXFileReference; fileEncoding = 4; lastKnownFileType = sourcecode.swift; path = SmallModalScrollViewController.swift; sourceTree = "<group>"; };
		73EC11641BC049A400716CA8 /* AppleIncRootCertificate.cer */ = {isa = PBXFileReference; lastKnownFileType = file; path = AppleIncRootCertificate.cer; sourceTree = "<group>"; };
		73EDC4BC1A1807AA006AA72D /* GratuitousRightPresentationController.swift */ = {isa = PBXFileReference; fileEncoding = 4; lastKnownFileType = sourcecode.swift; path = GratuitousRightPresentationController.swift; sourceTree = "<group>"; };
		73EDC4C01A181726006AA72D /* GratuitousTransitioningDelegate.swift */ = {isa = PBXFileReference; fileEncoding = 4; lastKnownFileType = sourcecode.swift; path = GratuitousTransitioningDelegate.swift; sourceTree = "<group>"; };
		73FB7E8F1B8A4B38001A47FC /* PickerInterfaceController.swift */ = {isa = PBXFileReference; fileEncoding = 4; lastKnownFileType = sourcecode.swift; path = PickerInterfaceController.swift; sourceTree = "<group>"; };
		73FF9E9D1BBE496600F9278C /* RMStoreAppReceiptVerifier.h */ = {isa = PBXFileReference; fileEncoding = 4; lastKnownFileType = sourcecode.c.h; path = RMStoreAppReceiptVerifier.h; sourceTree = "<group>"; };
		73FF9E9E1BBE497A00F9278C /* RMStoreAppReceiptVerifier.m */ = {isa = PBXFileReference; fileEncoding = 4; lastKnownFileType = sourcecode.c.objc; path = RMStoreAppReceiptVerifier.m; sourceTree = "<group>"; };
		73FF9EA01BBE4BDC00F9278C /* RMAppReceipt.h */ = {isa = PBXFileReference; fileEncoding = 4; lastKnownFileType = sourcecode.c.h; path = RMAppReceipt.h; sourceTree = "<group>"; };
		73FF9EA11BBE4BE400F9278C /* RMAppReceipt.m */ = {isa = PBXFileReference; fileEncoding = 4; lastKnownFileType = sourcecode.c.objc; path = RMAppReceipt.m; sourceTree = "<group>"; };
		73FF9EA31BBE4ED000F9278C /* RMStore.h */ = {isa = PBXFileReference; fileEncoding = 4; lastKnownFileType = sourcecode.c.h; path = RMStore.h; sourceTree = "<group>"; };
		73FF9EA41BBE4ED000F9278C /* RMStore.m */ = {isa = PBXFileReference; fileEncoding = 4; lastKnownFileType = sourcecode.c.objc; path = RMStore.m; sourceTree = "<group>"; };
/* End PBXFileReference section */

/* Begin PBXFrameworksBuildPhase section */
		733D02A31BBA4C2D00E40EC5 /* Frameworks */ = {
			isa = PBXFrameworksBuildPhase;
			buildActionMask = 2147483647;
			files = (
				733D02E41BBA505600E40EC5 /* StoreKit.framework in Frameworks */,
				1042DD9DC4E2CCC9155EA729 /* Pods_Gratuity.framework in Frameworks */,
			);
			runOnlyForDeploymentPostprocessing = 0;
		};
		73AEA6C31BBB05EB004B16DE /* Frameworks */ = {
			isa = PBXFrameworksBuildPhase;
			buildActionMask = 2147483647;
			files = (
			);
			runOnlyForDeploymentPostprocessing = 0;
		};
/* End PBXFrameworksBuildPhase section */

/* Begin PBXGroup section */
		73011BE51AD05AD3001F6D71 /* Watch Info View Controller */ = {
			isa = PBXGroup;
			children = (
				73011BE61AD05AFA001F6D71 /* WatchInfoViewController.swift */,
				73011BEB1AD0C3C2001F6D71 /* gratuityInfoDemoVideo@2x.mov */,
			);
			name = "Watch Info View Controller";
			sourceTree = "<group>";
		};
		732615E51BA923010081598F /* Small Modal View Controller */ = {
			isa = PBXGroup;
			children = (
				732615E61BA9237C0081598F /* SmallModalViewController.swift */,
				73EB5C721BABCA14000F4A99 /* SmallModalTableViewController.swift */,
				73EB5C751BABCD35000F4A99 /* SmallModalScrollViewController.swift */,
				732615E91BA928770081598F /* Split Bill View Controller */,
				7371F6D11BB5062900048EC2 /* Purchase Split Bill View Controller */,
				73011BE51AD05AD3001F6D71 /* Watch Info View Controller */,
			);
			name = "Small Modal View Controller";
			sourceTree = "<group>";
		};
		732615E91BA928770081598F /* Split Bill View Controller */ = {
			isa = PBXGroup;
			children = (
				732615EA1BA9289F0081598F /* SplitBillViewController.swift */,
				73BF48531BAA4CAF007CAD8E /* SplitBillTableViewCell.swift */,
			);
			name = "Split Bill View Controller";
			sourceTree = "<group>";
		};
		7334770C1A26E85000513F1F /* en.lproj */ = {
			isa = PBXGroup;
			children = (
				7334770D1A26E85000513F1F /* Localizable.strings */,
			);
			path = en.lproj;
			sourceTree = "<group>";
		};
		7353346D1A1803FB008530E1 /* TipViewController */ = {
			isa = PBXGroup;
			children = (
				7382512619E60F3900CD2B28 /* TipViewController.swift */,
				7353346E1A180438008530E1 /* TipTableView Subclasses */,
			);
			name = TipViewController;
			sourceTree = "<group>";
		};
		7353346E1A180438008530E1 /* TipTableView Subclasses */ = {
			isa = PBXGroup;
			children = (
				7382512A19E6473A00CD2B28 /* GratuitousTableViewCell.swift */,
				7382512B19E6473A00CD2B28 /* GratuitousTableViewCell.xib */,
				736937BD19EF84AA003EEC68 /* GratuitousGradientView.swift */,
			);
			name = "TipTableView Subclasses";
			sourceTree = "<group>";
		};
		735334701A18048D008530E1 /* Settings Subclasses */ = {
			isa = PBXGroup;
			children = (
				73D653451A071DAF005D1968 /* GratuitousCurrencySelectorCellTableViewCell.swift */,
				73BE874D1BAF679C00994DE8 /* GratuitousRoundedHeaderTableView.swift */,
				73D403A11A0C7D36007247E0 /* GratuitousSettingsButtons.swift */,
			);
			name = "Settings Subclasses";
			sourceTree = "<group>";
		};
		735334711A1804CC008530E1 /* Settings View Controller */ = {
			isa = PBXGroup;
			children = (
				73B9BFF019FC629100700608 /* SettingsTableViewController.swift */,
				735334701A18048D008530E1 /* Settings Subclasses */,
			);
			name = "Settings View Controller";
			sourceTree = "<group>";
		};
		735334721A1804E2008530E1 /* Custom Presentation */ = {
			isa = PBXGroup;
			children = (
				73EDC4BC1A1807AA006AA72D /* GratuitousRightPresentationController.swift */,
				73D86F6A1BAF2CA000B098FE /* GratuitousPresentationController.swift */,
				73621A951BAE563C00593FE4 /* GratuitousAnimatedTransitioning.swift */,
				73EDC4C01A181726006AA72D /* GratuitousTransitioningDelegate.swift */,
			);
			name = "Custom Presentation";
			sourceTree = "<group>";
		};
		7371F6D11BB5062900048EC2 /* Purchase Split Bill View Controller */ = {
			isa = PBXGroup;
			children = (
				7371F6D21BB5065B00048EC2 /* PurchaseSplitBillViewController.swift */,
			);
			name = "Purchase Split Bill View Controller";
			sourceTree = "<group>";
		};
		738250F819E60EED00CD2B28 = {
			isa = PBXGroup;
			children = (
				7382510319E60EED00CD2B28 /* GratuitousSwift */,
				73A18D5C1A2A9525002180DD /* GratuitousSwift Watch WatchKit Extension */,
				73A18D6E1A2A9525002180DD /* GratuitousSwift Watch Watch App */,
				73A755B31A87F8E80038E023 /* Common Files */,
				73A18D591A2A9525002180DD /* Frameworks */,
				7382510219E60EED00CD2B28 /* Products */,
				800AFDFD38FE21974E511AC6 /* Pods */,
			);
			sourceTree = "<group>";
		};
		7382510219E60EED00CD2B28 /* Products */ = {
			isa = PBXGroup;
			children = (
				733D02A61BBA4C2D00E40EC5 /* Gratuity.app */,
				73AEA6BA1BBB05EB004B16DE /* GratuityWatch.app */,
				73AEA6C61BBB05EB004B16DE /* GratuityWatch Extension.appex */,
			);
			name = Products;
			sourceTree = "<group>";
		};
		7382510319E60EED00CD2B28 /* GratuitousSwift */ = {
			isa = PBXGroup;
			children = (
				7382510619E60EED00CD2B28 /* GratuitousAppDelegate.swift */,
				732CFE691BC9F3000096AB06 /* GratuitousiOSLocalizedStrings.swift */,
				734171AE19E77BEF00405C7B /* GratuitousSwift.storyboard */,
				7353346D1A1803FB008530E1 /* TipViewController */,
				735334711A1804CC008530E1 /* Settings View Controller */,
				732615E51BA923010081598F /* Small Modal View Controller */,
				735334721A1804E2008530E1 /* Custom Presentation */,
				73A755B71A87FB010038E023 /* Custom Files */,
				7382510419E60EED00CD2B28 /* Supporting Files */,
				73E7E60F1A19A9FB004F9F5C /* Objective-C */,
			);
			path = GratuitousSwift;
			sourceTree = "<group>";
		};
		7382510419E60EED00CD2B28 /* Supporting Files */ = {
			isa = PBXGroup;
			children = (
				733D02E51BBA505E00E40EC5 /* Gratuity.entitlements */,
				7382510D19E60EED00CD2B28 /* Images.xcassets */,
				737E5DE61A1AFD1C00F0A8C7 /* settingsIcon.pdf */,
				7382510F19E60EED00CD2B28 /* LaunchScreen.xib */,
				73556E621A19711E0079A37D /* GratuitousSwift-Bridging-Header.h */,
				733D02B81BBA4CAA00E40EC5 /* Gratuity-Info.plist */,
				7334770C1A26E85000513F1F /* en.lproj */,
			);
			name = "Supporting Files";
			sourceTree = "<group>";
		};
		73A18D591A2A9525002180DD /* Frameworks */ = {
			isa = PBXGroup;
			children = (
				7371F6CB1BB4ED2600048EC2 /* StoreKit.framework */,
				73A18D5A1A2A9525002180DD /* WatchKit.framework */,
				3770A3E29597CE25FE9233F2 /* Pods_Gratuity.framework */,
			);
			name = Frameworks;
			sourceTree = "<group>";
		};
		73A18D5C1A2A9525002180DD /* GratuitousSwift Watch WatchKit Extension */ = {
			isa = PBXGroup;
			children = (
				73FB7E8F1B8A4B38001A47FC /* PickerInterfaceController.swift */,
				73A0B5671A8FC56A00D17943 /* SplitTotalInterfaceController.swift */,
				7376F0151AB55AF2002AD1DB /* SettingsInterfaceController.swift */,
				73A18D7F1A2A9661002180DD /* GratuitousWatchDataSource.swift */,
				73CA9AE61B90BD28005344FB /* GratuitousWatchConnectivityManager.swift */,
				738484D41B992E1B0044C14C /* fallbackPickerImages.data */,
				73D46AFD1AC7C9B400057185 /* Images.xcassets */,
				73A18D5D1A2A9525002180DD /* Supporting Files */,
			);
			path = "GratuitousSwift Watch WatchKit Extension";
			sourceTree = "<group>";
		};
		73A18D5D1A2A9525002180DD /* Supporting Files */ = {
			isa = PBXGroup;
			children = (
				73AEA6EF1BBB07F1004B16DE /* GratuityWatch Extension.entitlements */,
				73AEA6DD1BBB06A0004B16DE /* Gratuity-Watch-Extension-Info.plist */,
				73011BDF1AD04F90001F6D71 /* en.lproj */,
			);
			name = "Supporting Files";
			sourceTree = "<group>";
		};
		73A18D6E1A2A9525002180DD /* GratuitousSwift Watch Watch App */ = {
			isa = PBXGroup;
			children = (
				73A18D711A2A9525002180DD /* Interface.storyboard */,
				73A18D731A2A9525002180DD /* Images.xcassets */,
				73A18D6F1A2A9525002180DD /* Supporting Files */,
			);
			path = "GratuitousSwift Watch Watch App";
			sourceTree = "<group>";
		};
		73A18D6F1A2A9525002180DD /* Supporting Files */ = {
			isa = PBXGroup;
			children = (
				73AEA6DE1BBB06AD004B16DE /* Gratuity-Watch-Info.plist */,
				73AEA6EE1BBB07E5004B16DE /* GratuityWatch.entitlements */,
			);
			name = "Supporting Files";
			sourceTree = "<group>";
		};
		73A755B31A87F8E80038E023 /* Common Files */ = {
			isa = PBXGroup;
			children = (
				7320A5421ACDA6AE001C10B0 /* Fuuutuuura-Meeediuuum.ttf */,
				734A7C591AA8347C008823B6 /* GratuitousUIColor.swift */,
				73E9B9871B92CC200058DC94 /* GratuitousPropertyListPreferences.swift */,
				73E35AF11A0D33DA009A2F97 /* GratuitousEnums.swift */,
			);
			name = "Common Files";
			path = "GratuitousSwift Watch Watch App";
			sourceTree = "<group>";
		};
		73A755B71A87FB010038E023 /* Custom Files */ = {
			isa = PBXGroup;
			children = (
				737233DC19E8B9B70072EDB4 /* GratuitousUIConstant.swift */,
				738484D71B993B750044C14C /* GratuitousiOSConnectivityManager.swift */,
				731633101B9A0DE80006AE7B /* GratuitousSwiftiOSDataSource.swift */,
				73048CF31BBCEBC300D8EAA6 /* JSBPurchaseManager.swift */,
				7371F6CE1BB4F9BA00048EC2 /* GratuitousPurchaseManager.swift */,
				7399D9BD1B9689260005D172 /* GratuitousCurrencyStringImageGenerator.swift */,
				7376F8DD1B8EC5CD009CAB74 /* GratuitousLabelImageGenerator.swift */,
				73A87ACD1BC1C2AC006802F7 /* GratuitousErrors.swift */,
			);
			name = "Custom Files";
			sourceTree = "<group>";
		};
		73E7E60F1A19A9FB004F9F5C /* Objective-C */ = {
			isa = PBXGroup;
			children = (
				73556E631A19711F0079A37D /* UIImage+PDFUtility.h */,
				73556E641A19711F0079A37D /* UIImage+PDFUtility.m */,
				73FF9EA31BBE4ED000F9278C /* RMStore.h */,
				73FF9EA41BBE4ED000F9278C /* RMStore.m */,
				73FF9E9D1BBE496600F9278C /* RMStoreAppReceiptVerifier.h */,
				73FF9E9E1BBE497A00F9278C /* RMStoreAppReceiptVerifier.m */,
				73FF9EA01BBE4BDC00F9278C /* RMAppReceipt.h */,
				73FF9EA11BBE4BE400F9278C /* RMAppReceipt.m */,
				73EC11641BC049A400716CA8 /* AppleIncRootCertificate.cer */,
			);
			name = "Objective-C";
			sourceTree = "<group>";
		};
		800AFDFD38FE21974E511AC6 /* Pods */ = {
			isa = PBXGroup;
			children = (
				59B24410EC519253B452447B /* Pods-Gratuity.debug.xcconfig */,
				5624F62AF87021893A8B73B9 /* Pods-Gratuity.release.xcconfig */,
			);
			name = Pods;
			sourceTree = "<group>";
		};
/* End PBXGroup section */

/* Begin PBXNativeTarget section */
		733D02A51BBA4C2D00E40EC5 /* Gratuity */ = {
			isa = PBXNativeTarget;
			buildConfigurationList = 733D02B51BBA4C2D00E40EC5 /* Build configuration list for PBXNativeTarget "Gratuity" */;
			buildPhases = (
				774E60E97EB61A843E3C1076 /* Check Pods Manifest.lock */,
				733D02A21BBA4C2D00E40EC5 /* Sources */,
				733D02A31BBA4C2D00E40EC5 /* Frameworks */,
				733D02A41BBA4C2D00E40EC5 /* Resources */,
				73AEA6DC1BBB05EC004B16DE /* Embed Watch Content */,
				92268F9152C864934AFB8DA8 /* Embed Pods Frameworks */,
				6CF66C05130F8888AC0315C7 /* Copy Pods Resources */,
				73FF9E9C1BBE3FAE00F9278C /* ShellScript */,
			);
			buildRules = (
			);
			dependencies = (
				73AEA6D31BBB05EB004B16DE /* PBXTargetDependency */,
			);
			name = Gratuity;
			productName = Gratuity;
			productReference = 733D02A61BBA4C2D00E40EC5 /* Gratuity.app */;
			productType = "com.apple.product-type.application";
		};
		73AEA6B91BBB05EB004B16DE /* GratuityWatch */ = {
			isa = PBXNativeTarget;
			buildConfigurationList = 73AEA6DB1BBB05EC004B16DE /* Build configuration list for PBXNativeTarget "GratuityWatch" */;
			buildPhases = (
				73AEA6B81BBB05EB004B16DE /* Resources */,
				73AEA6DA1BBB05EC004B16DE /* Embed App Extensions */,
			);
			buildRules = (
			);
			dependencies = (
				73AEA6C91BBB05EB004B16DE /* PBXTargetDependency */,
			);
			name = GratuityWatch;
			productName = GratuityWatch;
			productReference = 73AEA6BA1BBB05EB004B16DE /* GratuityWatch.app */;
			productType = "com.apple.product-type.application.watchapp2";
		};
		73AEA6C51BBB05EB004B16DE /* GratuityWatch Extension */ = {
			isa = PBXNativeTarget;
			buildConfigurationList = 73AEA6D91BBB05EC004B16DE /* Build configuration list for PBXNativeTarget "GratuityWatch Extension" */;
			buildPhases = (
				73AEA6C21BBB05EB004B16DE /* Sources */,
				73AEA6C31BBB05EB004B16DE /* Frameworks */,
				73AEA6C41BBB05EB004B16DE /* Resources */,
			);
			buildRules = (
			);
			dependencies = (
			);
			name = "GratuityWatch Extension";
			productName = "GratuityWatch Extension";
			productReference = 73AEA6C61BBB05EB004B16DE /* GratuityWatch Extension.appex */;
			productType = "com.apple.product-type.watchkit2-extension";
		};
/* End PBXNativeTarget section */

/* Begin PBXProject section */
		738250F919E60EED00CD2B28 /* Project object */ = {
			isa = PBXProject;
			attributes = {
				LastSwiftMigration = 0700;
				LastSwiftUpdateCheck = 0700;
				LastUpgradeCheck = 0700;
				ORGANIZATIONNAME = SaturdayApps;
				TargetAttributes = {
					733D02A51BBA4C2D00E40EC5 = {
						CreatedOnToolsVersion = 7.0;
						DevelopmentTeam = V6ESYGU6CV;
						SystemCapabilities = {
							com.apple.ApplicationGroups.iOS = {
								enabled = 1;
							};
							com.apple.InAppPurchase = {
								enabled = 1;
							};
						};
					};
					73AEA6B91BBB05EB004B16DE = {
						CreatedOnToolsVersion = 7.0;
						DevelopmentTeam = V6ESYGU6CV;
						SystemCapabilities = {
							com.apple.ApplicationGroups.iOS = {
								enabled = 1;
							};
						};
					};
					73AEA6C51BBB05EB004B16DE = {
						CreatedOnToolsVersion = 7.0;
						DevelopmentTeam = V6ESYGU6CV;
						SystemCapabilities = {
							com.apple.ApplicationGroups.iOS = {
								enabled = 1;
							};
						};
					};
				};
			};
			buildConfigurationList = 738250FC19E60EED00CD2B28 /* Build configuration list for PBXProject "GratuitousSwift" */;
			compatibilityVersion = "Xcode 3.2";
			developmentRegion = English;
			hasScannedForEncodings = 0;
			knownRegions = (
				en,
				Base,
			);
			mainGroup = 738250F819E60EED00CD2B28;
			productRefGroup = 7382510219E60EED00CD2B28 /* Products */;
			projectDirPath = "";
			projectRoot = "";
			targets = (
				733D02A51BBA4C2D00E40EC5 /* Gratuity */,
				73AEA6B91BBB05EB004B16DE /* GratuityWatch */,
				73AEA6C51BBB05EB004B16DE /* GratuityWatch Extension */,
			);
		};
/* End PBXProject section */

/* Begin PBXResourcesBuildPhase section */
		733D02A41BBA4C2D00E40EC5 /* Resources */ = {
			isa = PBXResourcesBuildPhase;
			buildActionMask = 2147483647;
			files = (
				733D02D81BBA4D4000E40EC5 /* settingsIcon.pdf in Resources */,
				733D02D71BBA4D2D00E40EC5 /* Images.xcassets in Resources */,
				733D02D91BBA4D4700E40EC5 /* LaunchScreen.xib in Resources */,
				733D02BB1BBA4CFA00E40EC5 /* GratuitousSwift.storyboard in Resources */,
				733D02BE1BBA4D0900E40EC5 /* GratuitousTableViewCell.xib in Resources */,
				733D02CB1BBA4D1F00E40EC5 /* gratuityInfoDemoVideo@2x.mov in Resources */,
			);
			runOnlyForDeploymentPostprocessing = 0;
		};
		73AEA6B81BBB05EB004B16DE /* Resources */ = {
			isa = PBXResourcesBuildPhase;
			buildActionMask = 2147483647;
			files = (
				73AEA6E71BBB06DA004B16DE /* Interface.storyboard in Resources */,
				73AEA6E81BBB06DE004B16DE /* Images.xcassets in Resources */,
				73AEA6F01BBB0877004B16DE /* Fuuutuuura-Meeediuuum.ttf in Resources */,
			);
			runOnlyForDeploymentPostprocessing = 0;
		};
		73AEA6C41BBB05EB004B16DE /* Resources */ = {
			isa = PBXResourcesBuildPhase;
			buildActionMask = 2147483647;
			files = (
				73AEA6E41BBB06D0004B16DE /* fallbackPickerImages.data in Resources */,
				73AEA6E61BBB06D5004B16DE /* en.lproj in Resources */,
				73AEA6F11BBB087A004B16DE /* Fuuutuuura-Meeediuuum.ttf in Resources */,
				73AEA6E51BBB06D0004B16DE /* Images.xcassets in Resources */,
			);
			runOnlyForDeploymentPostprocessing = 0;
		};
/* End PBXResourcesBuildPhase section */

/* Begin PBXShellScriptBuildPhase section */
		6CF66C05130F8888AC0315C7 /* Copy Pods Resources */ = {
			isa = PBXShellScriptBuildPhase;
			buildActionMask = 2147483647;
			files = (
			);
			inputPaths = (
			);
			name = "Copy Pods Resources";
			outputPaths = (
			);
			runOnlyForDeploymentPostprocessing = 0;
			shellPath = /bin/sh;
			shellScript = "\"${SRCROOT}/Pods/Target Support Files/Pods-Gratuity/Pods-Gratuity-resources.sh\"\n";
			showEnvVarsInLog = 0;
		};
		73FF9E9C1BBE3FAE00F9278C /* ShellScript */ = {
			isa = PBXShellScriptBuildPhase;
			buildActionMask = 2147483647;
			files = (
			);
			inputPaths = (
			);
			outputPaths = (
			);
			runOnlyForDeploymentPostprocessing = 0;
			shellPath = /bin/sh;
			shellScript = "./Pods/Fabric/Fabric.framework/run eb82450d442b0f7ab592d59388ece084ee77d7ce";
		};
		774E60E97EB61A843E3C1076 /* Check Pods Manifest.lock */ = {
			isa = PBXShellScriptBuildPhase;
			buildActionMask = 2147483647;
			files = (
			);
			inputPaths = (
			);
			name = "Check Pods Manifest.lock";
			outputPaths = (
			);
			runOnlyForDeploymentPostprocessing = 0;
			shellPath = /bin/sh;
			shellScript = "diff \"${PODS_ROOT}/../Podfile.lock\" \"${PODS_ROOT}/Manifest.lock\" > /dev/null\nif [[ $? != 0 ]] ; then\n    cat << EOM\nerror: The sandbox is not in sync with the Podfile.lock. Run 'pod install' or update your CocoaPods installation.\nEOM\n    exit 1\nfi\n";
			showEnvVarsInLog = 0;
		};
		92268F9152C864934AFB8DA8 /* Embed Pods Frameworks */ = {
			isa = PBXShellScriptBuildPhase;
			buildActionMask = 2147483647;
			files = (
			);
			inputPaths = (
			);
			name = "Embed Pods Frameworks";
			outputPaths = (
			);
			runOnlyForDeploymentPostprocessing = 0;
			shellPath = /bin/sh;
			shellScript = "\"${SRCROOT}/Pods/Target Support Files/Pods-Gratuity/Pods-Gratuity-frameworks.sh\"\n";
			showEnvVarsInLog = 0;
		};
/* End PBXShellScriptBuildPhase section */

/* Begin PBXSourcesBuildPhase section */
		733D02A21BBA4C2D00E40EC5 /* Sources */ = {
			isa = PBXSourcesBuildPhase;
			buildActionMask = 2147483647;
			files = (
				733D02DD1BBA4D6D00E40EC5 /* UIImage+PDFUtility.m in Sources */,
				733D02BC1BBA4D0000E40EC5 /* TipViewController.swift in Sources */,
				733D02CD1BBA4D2800E40EC5 /* GratuitousPresentationController.swift in Sources */,
				733D02C31BBA4D1300E40EC5 /* GratuitousSettingsButtons.swift in Sources */,
				73048CF41BBCEBC400D8EAA6 /* JSBPurchaseManager.swift in Sources */,
				733D02C71BBA4D1F00E40EC5 /* SplitBillViewController.swift in Sources */,
				733D02CA1BBA4D1F00E40EC5 /* WatchInfoViewController.swift in Sources */,
				733D02C01BBA4D1300E40EC5 /* SettingsTableViewController.swift in Sources */,
				733D02C11BBA4D1300E40EC5 /* GratuitousCurrencySelectorCellTableViewCell.swift in Sources */,
				733D02C21BBA4D1300E40EC5 /* GratuitousRoundedHeaderTableView.swift in Sources */,
				733D02D11BBA4D2800E40EC5 /* GratuitousUIColor.swift in Sources */,
				733D02D01BBA4D2800E40EC5 /* GratuitousUIConstant.swift in Sources */,
				733D02BD1BBA4D0900E40EC5 /* GratuitousTableViewCell.swift in Sources */,
				733D02CE1BBA4D2800E40EC5 /* GratuitousAnimatedTransitioning.swift in Sources */,
				733D02D31BBA4D2800E40EC5 /* GratuitousSwiftiOSDataSource.swift in Sources */,
				733D02C91BBA4D1F00E40EC5 /* PurchaseSplitBillViewController.swift in Sources */,
				733D02CF1BBA4D2800E40EC5 /* GratuitousTransitioningDelegate.swift in Sources */,
				733D02D41BBA4D2800E40EC5 /* GratuitousPurchaseManager.swift in Sources */,
				733D02BA1BBA4CE600E40EC5 /* GratuitousAppDelegate.swift in Sources */,
				733D02E01BBA4D8600E40EC5 /* GratuitousEnums.swift in Sources */,
				733D02D51BBA4D2800E40EC5 /* GratuitousCurrencyStringImageGenerator.swift in Sources */,
				73FF9EA21BBE4BE400F9278C /* RMAppReceipt.m in Sources */,
				733D02C51BBA4D1900E40EC5 /* SmallModalTableViewController.swift in Sources */,
				73FF9EA51BBE4ED000F9278C /* RMStore.m in Sources */,
				732CFE6A1BC9F3000096AB06 /* GratuitousiOSLocalizedStrings.swift in Sources */,
				733D02D61BBA4D2800E40EC5 /* GratuitousLabelImageGenerator.swift in Sources */,
				733D02CC1BBA4D2800E40EC5 /* GratuitousRightPresentationController.swift in Sources */,
				733D02C61BBA4D1900E40EC5 /* SmallModalScrollViewController.swift in Sources */,
				733D02BF1BBA4D0900E40EC5 /* GratuitousGradientView.swift in Sources */,
				733D02DF1BBA4D8600E40EC5 /* GratuitousPropertyListPreferences.swift in Sources */,
				733D02D21BBA4D2800E40EC5 /* GratuitousiOSConnectivityManager.swift in Sources */,
				733D02C41BBA4D1900E40EC5 /* SmallModalViewController.swift in Sources */,
				733D02C81BBA4D1F00E40EC5 /* SplitBillTableViewCell.swift in Sources */,
				73FF9E9F1BBE497A00F9278C /* RMStoreAppReceiptVerifier.m in Sources */,
				73A87ACE1BC1C2AC006802F7 /* GratuitousErrors.swift in Sources */,
			);
			runOnlyForDeploymentPostprocessing = 0;
		};
		73AEA6C21BBB05EB004B16DE /* Sources */ = {
			isa = PBXSourcesBuildPhase;
			buildActionMask = 2147483647;
			files = (
				73AEA6EB1BBB06EE004B16DE /* GratuitousPropertyListPreferences.swift in Sources */,
				73AEA6DF1BBB06D0004B16DE /* PickerInterfaceController.swift in Sources */,
				73AEA6E31BBB06D0004B16DE /* GratuitousWatchConnectivityManager.swift in Sources */,
				73AEA6EC1BBB06EE004B16DE /* GratuitousEnums.swift in Sources */,
				73AEA6E11BBB06D0004B16DE /* SettingsInterfaceController.swift in Sources */,
				73AEA6E01BBB06D0004B16DE /* SplitTotalInterfaceController.swift in Sources */,
				73AEA6ED1BBB0732004B16DE /* GratuitousUIColor.swift in Sources */,
				73AEA6E21BBB06D0004B16DE /* GratuitousWatchDataSource.swift in Sources */,
			);
			runOnlyForDeploymentPostprocessing = 0;
		};
/* End PBXSourcesBuildPhase section */

/* Begin PBXTargetDependency section */
		73AEA6C91BBB05EB004B16DE /* PBXTargetDependency */ = {
			isa = PBXTargetDependency;
			target = 73AEA6C51BBB05EB004B16DE /* GratuityWatch Extension */;
			targetProxy = 73AEA6C81BBB05EB004B16DE /* PBXContainerItemProxy */;
		};
		73AEA6D31BBB05EB004B16DE /* PBXTargetDependency */ = {
			isa = PBXTargetDependency;
			target = 73AEA6B91BBB05EB004B16DE /* GratuityWatch */;
			targetProxy = 73AEA6D21BBB05EB004B16DE /* PBXContainerItemProxy */;
		};
/* End PBXTargetDependency section */

/* Begin PBXVariantGroup section */
		7334770D1A26E85000513F1F /* Localizable.strings */ = {
			isa = PBXVariantGroup;
			children = (
				7334770E1A26E85000513F1F /* en */,
			);
			name = Localizable.strings;
			sourceTree = "<group>";
		};
		7382510F19E60EED00CD2B28 /* LaunchScreen.xib */ = {
			isa = PBXVariantGroup;
			children = (
				7382511019E60EED00CD2B28 /* Base */,
			);
			name = LaunchScreen.xib;
			sourceTree = "<group>";
		};
/* End PBXVariantGroup section */

/* Begin XCBuildConfiguration section */
		733D02B61BBA4C2D00E40EC5 /* Debug */ = {
			isa = XCBuildConfiguration;
			baseConfigurationReference = 59B24410EC519253B452447B /* Pods-Gratuity.debug.xcconfig */;
			buildSettings = {
				ASSETCATALOG_COMPILER_APPICON_NAME = AppIcon;
				CODE_SIGN_ENTITLEMENTS = Gratuity.entitlements;
				CODE_SIGN_IDENTITY = "iPhone Developer";
				DEBUG_INFORMATION_FORMAT = "dwarf-with-dsym";
				ENABLE_BITCODE = NO;
				ENABLE_TESTABILITY = YES;
				FRAMEWORK_SEARCH_PATHS = (
					"$(inherited)",
					"$(PROJECT_DIR)",
				);
				GCC_NO_COMMON_BLOCKS = YES;
				INFOPLIST_FILE = "$(SRCROOT)/GratuitousSwift/Gratuity-Info.plist";
				IPHONEOS_DEPLOYMENT_TARGET = 8.0;
				LD_RUNPATH_SEARCH_PATHS = "$(inherited) @executable_path/Frameworks";
				PRODUCT_BUNDLE_IDENTIFIER = com.saturdayapps.Gratuity;
				PRODUCT_NAME = "$(TARGET_NAME)";
				SWIFT_OBJC_BRIDGING_HEADER = "$(PROJECT_DIR)/GratuitousSwift/GratuitousSwift-Bridging-Header.h";
				TARGETED_DEVICE_FAMILY = "1,2";
			};
			name = Debug;
		};
		733D02B71BBA4C2D00E40EC5 /* Release */ = {
			isa = XCBuildConfiguration;
			baseConfigurationReference = 5624F62AF87021893A8B73B9 /* Pods-Gratuity.release.xcconfig */;
			buildSettings = {
				ASSETCATALOG_COMPILER_APPICON_NAME = AppIcon;
				CODE_SIGN_ENTITLEMENTS = Gratuity.entitlements;
				CODE_SIGN_IDENTITY = "iPhone Developer";
				COPY_PHASE_STRIP = NO;
				DEBUG_INFORMATION_FORMAT = "dwarf-with-dsym";
				ENABLE_BITCODE = NO;
				FRAMEWORK_SEARCH_PATHS = (
					"$(inherited)",
					"$(PROJECT_DIR)",
				);
				GCC_NO_COMMON_BLOCKS = YES;
				INFOPLIST_FILE = "$(SRCROOT)/GratuitousSwift/Gratuity-Info.plist";
				IPHONEOS_DEPLOYMENT_TARGET = 8.0;
				LD_RUNPATH_SEARCH_PATHS = "$(inherited) @executable_path/Frameworks";
				PRODUCT_BUNDLE_IDENTIFIER = com.saturdayapps.Gratuity;
				PRODUCT_NAME = "$(TARGET_NAME)";
				SWIFT_OBJC_BRIDGING_HEADER = "$(PROJECT_DIR)/GratuitousSwift/GratuitousSwift-Bridging-Header.h";
				TARGETED_DEVICE_FAMILY = "1,2";
			};
			name = Release;
		};
		7382511E19E60EED00CD2B28 /* Debug */ = {
			isa = XCBuildConfiguration;
			buildSettings = {
				ALWAYS_SEARCH_USER_PATHS = NO;
				CLANG_CXX_LANGUAGE_STANDARD = "gnu++0x";
				CLANG_CXX_LIBRARY = "libc++";
				CLANG_ENABLE_MODULES = YES;
				CLANG_ENABLE_OBJC_ARC = YES;
				CLANG_WARN_BOOL_CONVERSION = YES;
				CLANG_WARN_CONSTANT_CONVERSION = YES;
				CLANG_WARN_DIRECT_OBJC_ISA_USAGE = YES_ERROR;
				CLANG_WARN_EMPTY_BODY = YES;
				CLANG_WARN_ENUM_CONVERSION = YES;
				CLANG_WARN_INT_CONVERSION = YES;
				CLANG_WARN_OBJC_ROOT_CLASS = YES_ERROR;
				CLANG_WARN_UNREACHABLE_CODE = YES;
				CLANG_WARN__DUPLICATE_METHOD_MATCH = YES;
				"CODE_SIGN_IDENTITY[sdk=iphoneos*]" = "iPhone Developer";
				COPY_PHASE_STRIP = NO;
				ENABLE_STRICT_OBJC_MSGSEND = YES;
				GCC_C_LANGUAGE_STANDARD = gnu99;
				GCC_DYNAMIC_NO_PIC = NO;
				GCC_OPTIMIZATION_LEVEL = 0;
				GCC_PREPROCESSOR_DEFINITIONS = (
					"DEBUG=1",
					"$(inherited)",
				);
				GCC_SYMBOLS_PRIVATE_EXTERN = NO;
				GCC_WARN_64_TO_32_BIT_CONVERSION = YES;
				GCC_WARN_ABOUT_RETURN_TYPE = YES_ERROR;
				GCC_WARN_UNDECLARED_SELECTOR = YES;
				GCC_WARN_UNINITIALIZED_AUTOS = YES_AGGRESSIVE;
				GCC_WARN_UNUSED_FUNCTION = YES;
				GCC_WARN_UNUSED_VARIABLE = YES;
				IPHONEOS_DEPLOYMENT_TARGET = 8.0;
				MTL_ENABLE_DEBUG_INFO = YES;
				ONLY_ACTIVE_ARCH = YES;
				SDKROOT = iphoneos;
				SWIFT_OPTIMIZATION_LEVEL = "-Onone";
				TARGETED_DEVICE_FAMILY = "1,2";
			};
			name = Debug;
		};
		7382511F19E60EED00CD2B28 /* Release */ = {
			isa = XCBuildConfiguration;
			buildSettings = {
				ALWAYS_SEARCH_USER_PATHS = NO;
				CLANG_CXX_LANGUAGE_STANDARD = "gnu++0x";
				CLANG_CXX_LIBRARY = "libc++";
				CLANG_ENABLE_MODULES = YES;
				CLANG_ENABLE_OBJC_ARC = YES;
				CLANG_WARN_BOOL_CONVERSION = YES;
				CLANG_WARN_CONSTANT_CONVERSION = YES;
				CLANG_WARN_DIRECT_OBJC_ISA_USAGE = YES_ERROR;
				CLANG_WARN_EMPTY_BODY = YES;
				CLANG_WARN_ENUM_CONVERSION = YES;
				CLANG_WARN_INT_CONVERSION = YES;
				CLANG_WARN_OBJC_ROOT_CLASS = YES_ERROR;
				CLANG_WARN_UNREACHABLE_CODE = YES;
				CLANG_WARN__DUPLICATE_METHOD_MATCH = YES;
				"CODE_SIGN_IDENTITY[sdk=iphoneos*]" = "iPhone Developer";
				COPY_PHASE_STRIP = YES;
				ENABLE_NS_ASSERTIONS = NO;
				ENABLE_STRICT_OBJC_MSGSEND = YES;
				GCC_C_LANGUAGE_STANDARD = gnu99;
				GCC_WARN_64_TO_32_BIT_CONVERSION = YES;
				GCC_WARN_ABOUT_RETURN_TYPE = YES_ERROR;
				GCC_WARN_UNDECLARED_SELECTOR = YES;
				GCC_WARN_UNINITIALIZED_AUTOS = YES_AGGRESSIVE;
				GCC_WARN_UNUSED_FUNCTION = YES;
				GCC_WARN_UNUSED_VARIABLE = YES;
				IPHONEOS_DEPLOYMENT_TARGET = 8.0;
				MTL_ENABLE_DEBUG_INFO = NO;
				SDKROOT = iphoneos;
				TARGETED_DEVICE_FAMILY = "1,2";
				VALIDATE_PRODUCT = YES;
			};
			name = Release;
		};
		73AEA6D51BBB05EB004B16DE /* Debug */ = {
			isa = XCBuildConfiguration;
			buildSettings = {
				ASSETCATALOG_COMPILER_APPICON_NAME = AppIcon;
				CODE_SIGN_ENTITLEMENTS = GratuityWatch.entitlements;
				CODE_SIGN_IDENTITY = "iPhone Developer";
				DEBUG_INFORMATION_FORMAT = dwarf;
				EMBEDDED_CONTENT_CONTAINS_SWIFT = YES;
				ENABLE_TESTABILITY = YES;
				GCC_NO_COMMON_BLOCKS = YES;
				IBSC_MODULE = GratuityWatch_Extension;
				INFOPLIST_FILE = "$(SRCROOT)/GratuitousSwift Watch Watch App/Gratuity-Watch-Info.plist";
				PRODUCT_BUNDLE_IDENTIFIER = com.saturdayapps.Gratuity.watchkitapp;
				PRODUCT_NAME = "$(TARGET_NAME)";
				SDKROOT = watchos;
				SKIP_INSTALL = YES;
				TARGETED_DEVICE_FAMILY = 4;
				WATCHOS_DEPLOYMENT_TARGET = 2.0;
			};
			name = Debug;
		};
		73AEA6D61BBB05EB004B16DE /* Release */ = {
			isa = XCBuildConfiguration;
			buildSettings = {
				ASSETCATALOG_COMPILER_APPICON_NAME = AppIcon;
				CODE_SIGN_ENTITLEMENTS = GratuityWatch.entitlements;
				CODE_SIGN_IDENTITY = "iPhone Developer";
				COPY_PHASE_STRIP = NO;
				DEBUG_INFORMATION_FORMAT = "dwarf-with-dsym";
				EMBEDDED_CONTENT_CONTAINS_SWIFT = YES;
				GCC_NO_COMMON_BLOCKS = YES;
				IBSC_MODULE = GratuityWatch_Extension;
				INFOPLIST_FILE = "$(SRCROOT)/GratuitousSwift Watch Watch App/Gratuity-Watch-Info.plist";
				PRODUCT_BUNDLE_IDENTIFIER = com.saturdayapps.Gratuity.watchkitapp;
				PRODUCT_NAME = "$(TARGET_NAME)";
				SDKROOT = watchos;
				SKIP_INSTALL = YES;
				TARGETED_DEVICE_FAMILY = 4;
				WATCHOS_DEPLOYMENT_TARGET = 2.0;
			};
			name = Release;
		};
		73AEA6D71BBB05EB004B16DE /* Debug */ = {
			isa = XCBuildConfiguration;
			buildSettings = {
				CODE_SIGN_ENTITLEMENTS = "GratuityWatch Extension.entitlements";
				CODE_SIGN_IDENTITY = "iPhone Developer";
				DEBUG_INFORMATION_FORMAT = dwarf;
				ENABLE_TESTABILITY = YES;
				GCC_NO_COMMON_BLOCKS = YES;
				INFOPLIST_FILE = "$(SRCROOT)/GratuitousSwift Watch WatchKit Extension/Gratuity-Watch-Extension-Info.plist";
				LD_RUNPATH_SEARCH_PATHS = "$(inherited) @executable_path/Frameworks @executable_path/../../Frameworks";
				PRODUCT_BUNDLE_IDENTIFIER = com.saturdayapps.Gratuity.watchkitapp.watchkitextension;
				PRODUCT_NAME = "${TARGET_NAME}";
				SDKROOT = watchos;
				SKIP_INSTALL = YES;
				TARGETED_DEVICE_FAMILY = 4;
				WATCHOS_DEPLOYMENT_TARGET = 2.0;
			};
			name = Debug;
		};
		73AEA6D81BBB05EB004B16DE /* Release */ = {
			isa = XCBuildConfiguration;
			buildSettings = {
				CODE_SIGN_ENTITLEMENTS = "GratuityWatch Extension.entitlements";
				CODE_SIGN_IDENTITY = "iPhone Developer";
				COPY_PHASE_STRIP = NO;
				DEBUG_INFORMATION_FORMAT = "dwarf-with-dsym";
				GCC_NO_COMMON_BLOCKS = YES;
				INFOPLIST_FILE = "$(SRCROOT)/GratuitousSwift Watch WatchKit Extension/Gratuity-Watch-Extension-Info.plist";
				LD_RUNPATH_SEARCH_PATHS = "$(inherited) @executable_path/Frameworks @executable_path/../../Frameworks";
				PRODUCT_BUNDLE_IDENTIFIER = com.saturdayapps.Gratuity.watchkitapp.watchkitextension;
				PRODUCT_NAME = "${TARGET_NAME}";
				SDKROOT = watchos;
				SKIP_INSTALL = YES;
				TARGETED_DEVICE_FAMILY = 4;
				WATCHOS_DEPLOYMENT_TARGET = 2.0;
			};
			name = Release;
		};
/* End XCBuildConfiguration section */

/* Begin XCConfigurationList section */
		733D02B51BBA4C2D00E40EC5 /* Build configuration list for PBXNativeTarget "Gratuity" */ = {
			isa = XCConfigurationList;
			buildConfigurations = (
				733D02B61BBA4C2D00E40EC5 /* Debug */,
				733D02B71BBA4C2D00E40EC5 /* Release */,
			);
			defaultConfigurationIsVisible = 0;
			defaultConfigurationName = Release;
		};
		738250FC19E60EED00CD2B28 /* Build configuration list for PBXProject "GratuitousSwift" */ = {
			isa = XCConfigurationList;
			buildConfigurations = (
				7382511E19E60EED00CD2B28 /* Debug */,
				7382511F19E60EED00CD2B28 /* Release */,
			);
			defaultConfigurationIsVisible = 0;
			defaultConfigurationName = Release;
		};
		73AEA6D91BBB05EC004B16DE /* Build configuration list for PBXNativeTarget "GratuityWatch Extension" */ = {
			isa = XCConfigurationList;
			buildConfigurations = (
				73AEA6D71BBB05EB004B16DE /* Debug */,
				73AEA6D81BBB05EB004B16DE /* Release */,
			);
			defaultConfigurationIsVisible = 0;
			defaultConfigurationName = Release;
		};
		73AEA6DB1BBB05EC004B16DE /* Build configuration list for PBXNativeTarget "GratuityWatch" */ = {
			isa = XCConfigurationList;
			buildConfigurations = (
				73AEA6D51BBB05EB004B16DE /* Debug */,
				73AEA6D61BBB05EB004B16DE /* Release */,
			);
			defaultConfigurationIsVisible = 0;
			defaultConfigurationName = Release;
		};
/* End XCConfigurationList section */
	};
	rootObject = 738250F919E60EED00CD2B28 /* Project object */;
}
