// !$*UTF8*$!
{
	archiveVersion = 1;
	classes = {
	};
	objectVersion = 46;
	objects = {

/* Begin PBXBuildFile section */
		7335A18F19FB04DA00BE08E2 /* GratuitousTableView.swift in Sources */ = {isa = PBXBuildFile; fileRef = 73661B7019F89DA6001FD1B7 /* GratuitousTableView.swift */; };
		734171AF19E77BEF00405C7B /* GratuitousSwift.storyboard in Resources */ = {isa = PBXBuildFile; fileRef = 734171AE19E77BEF00405C7B /* GratuitousSwift.storyboard */; };
		73556E651A19711F0079A37D /* UIImage+PDFUtility.m in Sources */ = {isa = PBXBuildFile; fileRef = 73556E641A19711F0079A37D /* UIImage+PDFUtility.m */; };
		7356AEBE19FF281B00E44A5E /* Crashlytics.framework in Frameworks */ = {isa = PBXBuildFile; fileRef = 7356AEBC19FF281B00E44A5E /* Crashlytics.framework */; };
		7356AEBF19FF281B00E44A5E /* Fabric.framework in Frameworks */ = {isa = PBXBuildFile; fileRef = 7356AEBD19FF281B00E44A5E /* Fabric.framework */; };
		735C011E1A0878D000A19462 /* GratuitousCurrencyFormatter.swift in Sources */ = {isa = PBXBuildFile; fileRef = 735C011D1A0878D000A19462 /* GratuitousCurrencyFormatter.swift */; };
		737233DD19E8B9B70072EDB4 /* GratuitousUIConstant.swift in Sources */ = {isa = PBXBuildFile; fileRef = 737233DC19E8B9B70072EDB4 /* GratuitousUIConstant.swift */; };
		737E5DE71A1AFD1C00F0A8C7 /* settingsIcon.pdf in Resources */ = {isa = PBXBuildFile; fileRef = 737E5DE61A1AFD1C00F0A8C7 /* settingsIcon.pdf */; };
		7382510719E60EED00CD2B28 /* GratuitousAppDelegate.swift in Sources */ = {isa = PBXBuildFile; fileRef = 7382510619E60EED00CD2B28 /* GratuitousAppDelegate.swift */; };
		7382510E19E60EED00CD2B28 /* Images.xcassets in Resources */ = {isa = PBXBuildFile; fileRef = 7382510D19E60EED00CD2B28 /* Images.xcassets */; };
		7382511119E60EED00CD2B28 /* LaunchScreen.xib in Resources */ = {isa = PBXBuildFile; fileRef = 7382510F19E60EED00CD2B28 /* LaunchScreen.xib */; };
		7382512819E60F3900CD2B28 /* TipViewController.swift in Sources */ = {isa = PBXBuildFile; fileRef = 7382512619E60F3900CD2B28 /* TipViewController.swift */; };
		7382512C19E6473A00CD2B28 /* GratuitousTableViewCell.swift in Sources */ = {isa = PBXBuildFile; fileRef = 7382512A19E6473A00CD2B28 /* GratuitousTableViewCell.swift */; };
		7382512D19E6473A00CD2B28 /* GratuitousTableViewCell.xib in Resources */ = {isa = PBXBuildFile; fileRef = 7382512B19E6473A00CD2B28 /* GratuitousTableViewCell.xib */; };
		73B9BFF119FC629100700608 /* SettingsTableViewController.swift in Sources */ = {isa = PBXBuildFile; fileRef = 73B9BFF019FC629100700608 /* SettingsTableViewController.swift */; };
		73BEB23C19F73BEF009907AF /* GratuitousGradientView.swift in Sources */ = {isa = PBXBuildFile; fileRef = 736937BD19EF84AA003EEC68 /* GratuitousGradientView.swift */; };
		73D11C491A1DB2A3003D238C /* GratuitousPresentationController.swift in Sources */ = {isa = PBXBuildFile; fileRef = 73EDC4BC1A1807AA006AA72D /* GratuitousPresentationController.swift */; };
		73D11C4A1A1DB2A6003D238C /* GratuitousAnimatedTransitioning.swift in Sources */ = {isa = PBXBuildFile; fileRef = 73EDC4BE1A1816DD006AA72D /* GratuitousAnimatedTransitioning.swift */; };
		73D403A21A0C7D36007247E0 /* GratuitousSettingsButtons.swift in Sources */ = {isa = PBXBuildFile; fileRef = 73D403A11A0C7D36007247E0 /* GratuitousSettingsButtons.swift */; };
		73D653461A071DAF005D1968 /* GratuitousCurrencySelectorCellTableViewCell.swift in Sources */ = {isa = PBXBuildFile; fileRef = 73D653451A071DAF005D1968 /* GratuitousCurrencySelectorCellTableViewCell.swift */; };
		73E35AF21A0D33DA009A2F97 /* GratuitousEnums.swift in Sources */ = {isa = PBXBuildFile; fileRef = 73E35AF11A0D33DA009A2F97 /* GratuitousEnums.swift */; };
		73EDC4C11A181726006AA72D /* GratuitousTransitioningDelegate.swift in Sources */ = {isa = PBXBuildFile; fileRef = 73EDC4C01A181726006AA72D /* GratuitousTransitioningDelegate.swift */; };
/* End PBXBuildFile section */

/* Begin PBXFileReference section */
		734171AE19E77BEF00405C7B /* GratuitousSwift.storyboard */ = {isa = PBXFileReference; fileEncoding = 4; lastKnownFileType = file.storyboard; path = GratuitousSwift.storyboard; sourceTree = "<group>"; };
		73556E621A19711E0079A37D /* GratuitousSwift-Bridging-Header.h */ = {isa = PBXFileReference; lastKnownFileType = sourcecode.c.h; path = "GratuitousSwift-Bridging-Header.h"; sourceTree = "<group>"; };
		73556E631A19711F0079A37D /* UIImage+PDFUtility.h */ = {isa = PBXFileReference; fileEncoding = 4; lastKnownFileType = sourcecode.c.h; path = "UIImage+PDFUtility.h"; sourceTree = "<group>"; };
		73556E641A19711F0079A37D /* UIImage+PDFUtility.m */ = {isa = PBXFileReference; fileEncoding = 4; lastKnownFileType = sourcecode.c.objc; path = "UIImage+PDFUtility.m"; sourceTree = "<group>"; };
		7356AEBC19FF281B00E44A5E /* Crashlytics.framework */ = {isa = PBXFileReference; lastKnownFileType = wrapper.framework; path = Crashlytics.framework; sourceTree = SOURCE_ROOT; };
		7356AEBD19FF281B00E44A5E /* Fabric.framework */ = {isa = PBXFileReference; lastKnownFileType = wrapper.framework; path = Fabric.framework; sourceTree = SOURCE_ROOT; };
		735C011D1A0878D000A19462 /* GratuitousCurrencyFormatter.swift */ = {isa = PBXFileReference; fileEncoding = 4; lastKnownFileType = sourcecode.swift; path = GratuitousCurrencyFormatter.swift; sourceTree = "<group>"; };
		73661B7019F89DA6001FD1B7 /* GratuitousTableView.swift */ = {isa = PBXFileReference; fileEncoding = 4; lastKnownFileType = sourcecode.swift; path = GratuitousTableView.swift; sourceTree = "<group>"; };
		736937BD19EF84AA003EEC68 /* GratuitousGradientView.swift */ = {isa = PBXFileReference; fileEncoding = 4; lastKnownFileType = sourcecode.swift; path = GratuitousGradientView.swift; sourceTree = "<group>"; };
		737233DC19E8B9B70072EDB4 /* GratuitousUIConstant.swift */ = {isa = PBXFileReference; fileEncoding = 4; lastKnownFileType = sourcecode.swift; path = GratuitousUIConstant.swift; sourceTree = "<group>"; };
		737E5DE61A1AFD1C00F0A8C7 /* settingsIcon.pdf */ = {isa = PBXFileReference; lastKnownFileType = image.pdf; path = settingsIcon.pdf; sourceTree = "<group>"; };
		7382510119E60EED00CD2B28 /* GratuityB.app */ = {isa = PBXFileReference; explicitFileType = wrapper.application; includeInIndex = 0; path = GratuityB.app; sourceTree = BUILT_PRODUCTS_DIR; };
		7382510519E60EED00CD2B28 /* Info.plist */ = {isa = PBXFileReference; lastKnownFileType = text.plist.xml; path = Info.plist; sourceTree = "<group>"; };
		7382510619E60EED00CD2B28 /* GratuitousAppDelegate.swift */ = {isa = PBXFileReference; lastKnownFileType = sourcecode.swift; path = GratuitousAppDelegate.swift; sourceTree = "<group>"; };
		7382510D19E60EED00CD2B28 /* Images.xcassets */ = {isa = PBXFileReference; lastKnownFileType = folder.assetcatalog; path = Images.xcassets; sourceTree = "<group>"; };
		7382511019E60EED00CD2B28 /* Base */ = {isa = PBXFileReference; lastKnownFileType = file.xib; name = Base; path = Base.lproj/LaunchScreen.xib; sourceTree = "<group>"; };
		7382511B19E60EED00CD2B28 /* Info.plist */ = {isa = PBXFileReference; lastKnownFileType = text.plist.xml; path = Info.plist; sourceTree = "<group>"; };
		7382511C19E60EED00CD2B28 /* GratuitousSwiftTests.swift */ = {isa = PBXFileReference; lastKnownFileType = sourcecode.swift; path = GratuitousSwiftTests.swift; sourceTree = "<group>"; };
		7382512619E60F3900CD2B28 /* TipViewController.swift */ = {isa = PBXFileReference; fileEncoding = 4; lastKnownFileType = sourcecode.swift; path = TipViewController.swift; sourceTree = "<group>"; };
		7382512A19E6473A00CD2B28 /* GratuitousTableViewCell.swift */ = {isa = PBXFileReference; fileEncoding = 4; lastKnownFileType = sourcecode.swift; path = GratuitousTableViewCell.swift; sourceTree = "<group>"; };
		7382512B19E6473A00CD2B28 /* GratuitousTableViewCell.xib */ = {isa = PBXFileReference; fileEncoding = 4; lastKnownFileType = file.xib; path = GratuitousTableViewCell.xib; sourceTree = "<group>"; };
		73B9BFF019FC629100700608 /* SettingsTableViewController.swift */ = {isa = PBXFileReference; fileEncoding = 4; lastKnownFileType = sourcecode.swift; path = SettingsTableViewController.swift; sourceTree = "<group>"; };
		73D403A11A0C7D36007247E0 /* GratuitousSettingsButtons.swift */ = {isa = PBXFileReference; fileEncoding = 4; lastKnownFileType = sourcecode.swift; path = GratuitousSettingsButtons.swift; sourceTree = "<group>"; };
		73D653451A071DAF005D1968 /* GratuitousCurrencySelectorCellTableViewCell.swift */ = {isa = PBXFileReference; fileEncoding = 4; lastKnownFileType = sourcecode.swift; path = GratuitousCurrencySelectorCellTableViewCell.swift; sourceTree = "<group>"; };
		73E35AF11A0D33DA009A2F97 /* GratuitousEnums.swift */ = {isa = PBXFileReference; fileEncoding = 4; lastKnownFileType = sourcecode.swift; path = GratuitousEnums.swift; sourceTree = "<group>"; };
		73EDC4BC1A1807AA006AA72D /* GratuitousPresentationController.swift */ = {isa = PBXFileReference; fileEncoding = 4; lastKnownFileType = sourcecode.swift; path = GratuitousPresentationController.swift; sourceTree = "<group>"; };
		73EDC4BE1A1816DD006AA72D /* GratuitousAnimatedTransitioning.swift */ = {isa = PBXFileReference; fileEncoding = 4; lastKnownFileType = sourcecode.swift; path = GratuitousAnimatedTransitioning.swift; sourceTree = "<group>"; };
		73EDC4C01A181726006AA72D /* GratuitousTransitioningDelegate.swift */ = {isa = PBXFileReference; fileEncoding = 4; lastKnownFileType = sourcecode.swift; path = GratuitousTransitioningDelegate.swift; sourceTree = "<group>"; };
/* End PBXFileReference section */

/* Begin PBXFrameworksBuildPhase section */
		738250FE19E60EED00CD2B28 /* Frameworks */ = {
			isa = PBXFrameworksBuildPhase;
			buildActionMask = 2147483647;
			files = (
				7356AEBE19FF281B00E44A5E /* Crashlytics.framework in Frameworks */,
				7356AEBF19FF281B00E44A5E /* Fabric.framework in Frameworks */,
			);
			runOnlyForDeploymentPostprocessing = 0;
		};
/* End PBXFrameworksBuildPhase section */

/* Begin PBXGroup section */
		7353346D1A1803FB008530E1 /* TipViewController */ = {
			isa = PBXGroup;
			children = (
				7382512619E60F3900CD2B28 /* TipViewController.swift */,
				7353346E1A180438008530E1 /* TipTableView Subclasses */,
			);
			name = TipViewController;
			sourceTree = "<group>";
		};
		7353346E1A180438008530E1 /* TipTableView Subclasses */ = {
			isa = PBXGroup;
			children = (
				7382512A19E6473A00CD2B28 /* GratuitousTableViewCell.swift */,
				7382512B19E6473A00CD2B28 /* GratuitousTableViewCell.xib */,
				73661B7019F89DA6001FD1B7 /* GratuitousTableView.swift */,
				736937BD19EF84AA003EEC68 /* GratuitousGradientView.swift */,
			);
			name = "TipTableView Subclasses";
			sourceTree = "<group>";
		};
		7353346F1A18047A008530E1 /* Custom Subclasses */ = {
			isa = PBXGroup;
			children = (
				737233DC19E8B9B70072EDB4 /* GratuitousUIConstant.swift */,
				735C011D1A0878D000A19462 /* GratuitousCurrencyFormatter.swift */,
				73E35AF11A0D33DA009A2F97 /* GratuitousEnums.swift */,
			);
			name = "Custom Subclasses";
			sourceTree = "<group>";
		};
		735334701A18048D008530E1 /* Settings Subclasses */ = {
			isa = PBXGroup;
			children = (
				73D653451A071DAF005D1968 /* GratuitousCurrencySelectorCellTableViewCell.swift */,
				73D403A11A0C7D36007247E0 /* GratuitousSettingsButtons.swift */,
			);
			name = "Settings Subclasses";
			sourceTree = "<group>";
		};
		735334711A1804CC008530E1 /* Settings View Controller */ = {
			isa = PBXGroup;
			children = (
				73B9BFF019FC629100700608 /* SettingsTableViewController.swift */,
				735334701A18048D008530E1 /* Settings Subclasses */,
			);
			name = "Settings View Controller";
			sourceTree = "<group>";
		};
		735334721A1804E2008530E1 /* Custom Presentation */ = {
			isa = PBXGroup;
			children = (
				73EDC4BC1A1807AA006AA72D /* GratuitousPresentationController.swift */,
				73EDC4BE1A1816DD006AA72D /* GratuitousAnimatedTransitioning.swift */,
				73EDC4C01A181726006AA72D /* GratuitousTransitioningDelegate.swift */,
			);
			name = "Custom Presentation";
			sourceTree = "<group>";
		};
		738250F819E60EED00CD2B28 = {
			isa = PBXGroup;
			children = (
				7382510319E60EED00CD2B28 /* GratuitousSwift */,
				7382511919E60EED00CD2B28 /* GratuitousSwiftTests */,
				7382510219E60EED00CD2B28 /* Products */,
			);
			sourceTree = "<group>";
		};
		7382510219E60EED00CD2B28 /* Products */ = {
			isa = PBXGroup;
			children = (
				7382510119E60EED00CD2B28 /* GratuityB.app */,
			);
			name = Products;
			sourceTree = "<group>";
		};
		7382510319E60EED00CD2B28 /* GratuitousSwift */ = {
			isa = PBXGroup;
			children = (
				7382510619E60EED00CD2B28 /* GratuitousAppDelegate.swift */,
				734171AE19E77BEF00405C7B /* GratuitousSwift.storyboard */,
				7353346D1A1803FB008530E1 /* TipViewController */,
				735334711A1804CC008530E1 /* Settings View Controller */,
				735334721A1804E2008530E1 /* Custom Presentation */,
				7353346F1A18047A008530E1 /* Custom Subclasses */,
				7382510419E60EED00CD2B28 /* Supporting Files */,
				73E7E60F1A19A9FB004F9F5C /* Frameworks */,
			);
			path = GratuitousSwift;
			sourceTree = "<group>";
		};
		7382510419E60EED00CD2B28 /* Supporting Files */ = {
			isa = PBXGroup;
			children = (
				7382510D19E60EED00CD2B28 /* Images.xcassets */,
				737E5DE61A1AFD1C00F0A8C7 /* settingsIcon.pdf */,
				7382510F19E60EED00CD2B28 /* LaunchScreen.xib */,
				7382510519E60EED00CD2B28 /* Info.plist */,
				73556E621A19711E0079A37D /* GratuitousSwift-Bridging-Header.h */,
			);
			name = "Supporting Files";
			sourceTree = "<group>";
		};
		7382511919E60EED00CD2B28 /* GratuitousSwiftTests */ = {
			isa = PBXGroup;
			children = (
				7382511C19E60EED00CD2B28 /* GratuitousSwiftTests.swift */,
				7382511A19E60EED00CD2B28 /* Supporting Files */,
			);
			path = GratuitousSwiftTests;
			sourceTree = "<group>";
		};
		7382511A19E60EED00CD2B28 /* Supporting Files */ = {
			isa = PBXGroup;
			children = (
				7382511B19E60EED00CD2B28 /* Info.plist */,
			);
			name = "Supporting Files";
			sourceTree = "<group>";
		};
		73E7E60F1A19A9FB004F9F5C /* Frameworks */ = {
			isa = PBXGroup;
			children = (
				73556E631A19711F0079A37D /* UIImage+PDFUtility.h */,
				73556E641A19711F0079A37D /* UIImage+PDFUtility.m */,
				7356AEBC19FF281B00E44A5E /* Crashlytics.framework */,
				7356AEBD19FF281B00E44A5E /* Fabric.framework */,
			);
			name = Frameworks;
			sourceTree = "<group>";
		};
/* End PBXGroup section */

/* Begin PBXNativeTarget section */
		7382510019E60EED00CD2B28 /* GratuitousSwift */ = {
			isa = PBXNativeTarget;
			buildConfigurationList = 7382512019E60EED00CD2B28 /* Build configuration list for PBXNativeTarget "GratuitousSwift" */;
			buildPhases = (
				738250FD19E60EED00CD2B28 /* Sources */,
				738250FE19E60EED00CD2B28 /* Frameworks */,
				738250FF19E60EED00CD2B28 /* Resources */,
				7356AEBB19FF27A400E44A5E /* ShellScript */,
			);
			buildRules = (
			);
			dependencies = (
			);
			name = GratuitousSwift;
			productName = GratuitousSwift;
			productReference = 7382510119E60EED00CD2B28 /* GratuityB.app */;
			productType = "com.apple.product-type.application";
		};
/* End PBXNativeTarget section */

/* Begin PBXProject section */
		738250F919E60EED00CD2B28 /* Project object */ = {
			isa = PBXProject;
			attributes = {
				LastUpgradeCheck = 0600;
				ORGANIZATIONNAME = SaturdayApps;
				TargetAttributes = {
					7382510019E60EED00CD2B28 = {
						CreatedOnToolsVersion = 6.0.1;
						DevelopmentTeam = V6ESYGU6CV;
					};
				};
			};
			buildConfigurationList = 738250FC19E60EED00CD2B28 /* Build configuration list for PBXProject "GratuitousSwift" */;
			compatibilityVersion = "Xcode 3.2";
			developmentRegion = English;
			hasScannedForEncodings = 0;
			knownRegions = (
				en,
				Base,
			);
			mainGroup = 738250F819E60EED00CD2B28;
			productRefGroup = 7382510219E60EED00CD2B28 /* Products */;
			projectDirPath = "";
			projectRoot = "";
			targets = (
				7382510019E60EED00CD2B28 /* GratuitousSwift */,
			);
		};
/* End PBXProject section */

/* Begin PBXResourcesBuildPhase section */
		738250FF19E60EED00CD2B28 /* Resources */ = {
			isa = PBXResourcesBuildPhase;
			buildActionMask = 2147483647;
			files = (
				7382512D19E6473A00CD2B28 /* GratuitousTableViewCell.xib in Resources */,
				734171AF19E77BEF00405C7B /* GratuitousSwift.storyboard in Resources */,
				7382511119E60EED00CD2B28 /* LaunchScreen.xib in Resources */,
				7382510E19E60EED00CD2B28 /* Images.xcassets in Resources */,
				737E5DE71A1AFD1C00F0A8C7 /* settingsIcon.pdf in Resources */,
			);
			runOnlyForDeploymentPostprocessing = 0;
		};
/* End PBXResourcesBuildPhase section */

/* Begin PBXShellScriptBuildPhase section */
		7356AEBB19FF27A400E44A5E /* ShellScript */ = {
			isa = PBXShellScriptBuildPhase;
			buildActionMask = 2147483647;
			files = (
			);
			inputPaths = (
			);
			outputPaths = (
			);
			runOnlyForDeploymentPostprocessing = 0;
			shellPath = /bin/sh;
			shellScript = "./Fabric.framework/run eb82450d442b0f7ab592d59388ece084ee77d7ce d27eb9a1b2174e1b94a1bd36f5a5c097d6b046e5ddfa579bb9aed11ce6f80e24";
		};
/* End PBXShellScriptBuildPhase section */

/* Begin PBXSourcesBuildPhase section */
		738250FD19E60EED00CD2B28 /* Sources */ = {
			isa = PBXSourcesBuildPhase;
			buildActionMask = 2147483647;
			files = (
				73556E651A19711F0079A37D /* UIImage+PDFUtility.m in Sources */,
				7382512819E60F3900CD2B28 /* TipViewController.swift in Sources */,
				7382512C19E6473A00CD2B28 /* GratuitousTableViewCell.swift in Sources */,
				73D403A21A0C7D36007247E0 /* GratuitousSettingsButtons.swift in Sources */,
				73EDC4C11A181726006AA72D /* GratuitousTransitioningDelegate.swift in Sources */,
				735C011E1A0878D000A19462 /* GratuitousCurrencyFormatter.swift in Sources */,
				73E35AF21A0D33DA009A2F97 /* GratuitousEnums.swift in Sources */,
				7335A18F19FB04DA00BE08E2 /* GratuitousTableView.swift in Sources */,
				737233DD19E8B9B70072EDB4 /* GratuitousUIConstant.swift in Sources */,
				73BEB23C19F73BEF009907AF /* GratuitousGradientView.swift in Sources */,
				73D11C491A1DB2A3003D238C /* GratuitousPresentationController.swift in Sources */,
				7382510719E60EED00CD2B28 /* GratuitousAppDelegate.swift in Sources */,
				73D11C4A1A1DB2A6003D238C /* GratuitousAnimatedTransitioning.swift in Sources */,
				73B9BFF119FC629100700608 /* SettingsTableViewController.swift in Sources */,
				73D653461A071DAF005D1968 /* GratuitousCurrencySelectorCellTableViewCell.swift in Sources */,
			);
			runOnlyForDeploymentPostprocessing = 0;
		};
/* End PBXSourcesBuildPhase section */

/* Begin PBXVariantGroup section */
		7382510F19E60EED00CD2B28 /* LaunchScreen.xib */ = {
			isa = PBXVariantGroup;
			children = (
				7382511019E60EED00CD2B28 /* Base */,
			);
			name = LaunchScreen.xib;
			sourceTree = "<group>";
		};
/* End PBXVariantGroup section */

/* Begin XCBuildConfiguration section */
		7382511E19E60EED00CD2B28 /* Debug */ = {
			isa = XCBuildConfiguration;
			buildSettings = {
				ALWAYS_SEARCH_USER_PATHS = NO;
				CLANG_CXX_LANGUAGE_STANDARD = "gnu++0x";
				CLANG_CXX_LIBRARY = "libc++";
				CLANG_ENABLE_MODULES = YES;
				CLANG_ENABLE_OBJC_ARC = YES;
				CLANG_WARN_BOOL_CONVERSION = YES;
				CLANG_WARN_CONSTANT_CONVERSION = YES;
				CLANG_WARN_DIRECT_OBJC_ISA_USAGE = YES_ERROR;
				CLANG_WARN_EMPTY_BODY = YES;
				CLANG_WARN_ENUM_CONVERSION = YES;
				CLANG_WARN_INT_CONVERSION = YES;
				CLANG_WARN_OBJC_ROOT_CLASS = YES_ERROR;
				CLANG_WARN_UNREACHABLE_CODE = YES;
				CLANG_WARN__DUPLICATE_METHOD_MATCH = YES;
				"CODE_SIGN_IDENTITY[sdk=iphoneos*]" = "iPhone Developer";
				COPY_PHASE_STRIP = NO;
				ENABLE_STRICT_OBJC_MSGSEND = YES;
				GCC_C_LANGUAGE_STANDARD = gnu99;
				GCC_DYNAMIC_NO_PIC = NO;
				GCC_OPTIMIZATION_LEVEL = 0;
				GCC_PREPROCESSOR_DEFINITIONS = (
					"DEBUG=1",
					"$(inherited)",
				);
				GCC_SYMBOLS_PRIVATE_EXTERN = NO;
				GCC_WARN_64_TO_32_BIT_CONVERSION = YES;
				GCC_WARN_ABOUT_RETURN_TYPE = YES_ERROR;
				GCC_WARN_UNDECLARED_SELECTOR = YES;
				GCC_WARN_UNINITIALIZED_AUTOS = YES_AGGRESSIVE;
				GCC_WARN_UNUSED_FUNCTION = YES;
				GCC_WARN_UNUSED_VARIABLE = YES;
				IPHONEOS_DEPLOYMENT_TARGET = 8.0;
				MTL_ENABLE_DEBUG_INFO = YES;
				ONLY_ACTIVE_ARCH = YES;
				SDKROOT = iphoneos;
				SWIFT_OPTIMIZATION_LEVEL = "-Onone";
				TARGETED_DEVICE_FAMILY = "1,2";
			};
			name = Debug;
		};
		7382511F19E60EED00CD2B28 /* Release */ = {
			isa = XCBuildConfiguration;
			buildSettings = {
				ALWAYS_SEARCH_USER_PATHS = NO;
				CLANG_CXX_LANGUAGE_STANDARD = "gnu++0x";
				CLANG_CXX_LIBRARY = "libc++";
				CLANG_ENABLE_MODULES = YES;
				CLANG_ENABLE_OBJC_ARC = YES;
				CLANG_WARN_BOOL_CONVERSION = YES;
				CLANG_WARN_CONSTANT_CONVERSION = YES;
				CLANG_WARN_DIRECT_OBJC_ISA_USAGE = YES_ERROR;
				CLANG_WARN_EMPTY_BODY = YES;
				CLANG_WARN_ENUM_CONVERSION = YES;
				CLANG_WARN_INT_CONVERSION = YES;
				CLANG_WARN_OBJC_ROOT_CLASS = YES_ERROR;
				CLANG_WARN_UNREACHABLE_CODE = YES;
				CLANG_WARN__DUPLICATE_METHOD_MATCH = YES;
				"CODE_SIGN_IDENTITY[sdk=iphoneos*]" = "iPhone Developer";
				COPY_PHASE_STRIP = YES;
				ENABLE_NS_ASSERTIONS = NO;
				ENABLE_STRICT_OBJC_MSGSEND = YES;
				GCC_C_LANGUAGE_STANDARD = gnu99;
				GCC_WARN_64_TO_32_BIT_CONVERSION = YES;
				GCC_WARN_ABOUT_RETURN_TYPE = YES_ERROR;
				GCC_WARN_UNDECLARED_SELECTOR = YES;
				GCC_WARN_UNINITIALIZED_AUTOS = YES_AGGRESSIVE;
				GCC_WARN_UNUSED_FUNCTION = YES;
				GCC_WARN_UNUSED_VARIABLE = YES;
				IPHONEOS_DEPLOYMENT_TARGET = 8.0;
				MTL_ENABLE_DEBUG_INFO = NO;
				SDKROOT = iphoneos;
				TARGETED_DEVICE_FAMILY = "1,2";
				VALIDATE_PRODUCT = YES;
			};
			name = Release;
		};
		7382512119E60EED00CD2B28 /* Debug */ = {
			isa = XCBuildConfiguration;
			buildSettings = {
				ASSETCATALOG_COMPILER_APPICON_NAME = AppIcon;
				CLANG_ENABLE_MODULES = YES;
				CODE_SIGN_IDENTITY = "iPhone Developer: Jeffrey Bergier (V78MM83472)";
				"CODE_SIGN_IDENTITY[sdk=iphoneos*]" = "iPhone Developer: Jeffrey Bergier (V78MM83472)";
				FRAMEWORK_SEARCH_PATHS = (
					"$(inherited)",
					"$(PROJECT_DIR)",
				);
				INFOPLIST_FILE = GratuitousSwift/Info.plist;
				LD_RUNPATH_SEARCH_PATHS = "$(inherited) @executable_path/Frameworks";
				PRODUCT_NAME = GratuityB;
				PROVISIONING_PROFILE = "260949e7-5426-4341-a95d-dd0a8e4b6b4f";
				SWIFT_OBJC_BRIDGING_HEADER = "GratuitousSwift/GratuitousSwift-Bridging-Header.h";
				SWIFT_OPTIMIZATION_LEVEL = "-Onone";
			};
			name = Debug;
		};
		7382512219E60EED00CD2B28 /* Release */ = {
			isa = XCBuildConfiguration;
			buildSettings = {
				ASSETCATALOG_COMPILER_APPICON_NAME = AppIcon;
				CLANG_ENABLE_MODULES = YES;
				CODE_SIGN_IDENTITY = "iPhone Developer: Jeffrey Bergier (V78MM83472)";
				"CODE_SIGN_IDENTITY[sdk=iphoneos*]" = "iPhone Developer: Jeffrey Bergier (V78MM83472)";
				FRAMEWORK_SEARCH_PATHS = (
					"$(inherited)",
					"$(PROJECT_DIR)",
				);
				INFOPLIST_FILE = GratuitousSwift/Info.plist;
				LD_RUNPATH_SEARCH_PATHS = "$(inherited) @executable_path/Frameworks";
				PRODUCT_NAME = Gratuity;
				PROVISIONING_PROFILE = "260949e7-5426-4341-a95d-dd0a8e4b6b4f";
				SWIFT_OBJC_BRIDGING_HEADER = "GratuitousSwift/GratuitousSwift-Bridging-Header.h";
			};
			name = Release;
		};
/* End XCBuildConfiguration section */

/* Begin XCConfigurationList section */
		738250FC19E60EED00CD2B28 /* Build configuration list for PBXProject "GratuitousSwift" */ = {
			isa = XCConfigurationList;
			buildConfigurations = (
				7382511E19E60EED00CD2B28 /* Debug */,
				7382511F19E60EED00CD2B28 /* Release */,
			);
			defaultConfigurationIsVisible = 0;
			defaultConfigurationName = Release;
		};
		7382512019E60EED00CD2B28 /* Build configuration list for PBXNativeTarget "GratuitousSwift" */ = {
			isa = XCConfigurationList;
			buildConfigurations = (
				7382512119E60EED00CD2B28 /* Debug */,
				7382512219E60EED00CD2B28 /* Release */,
			);
			defaultConfigurationIsVisible = 0;
			defaultConfigurationName = Release;
		};
/* End XCConfigurationList section */
	};
	rootObject = 738250F919E60EED00CD2B28 /* Project object */;
}
